
Microsoft Visual Studio Solution File, Format Version 12.00
# Visual Studio Version 16
VisualStudioVersion = 16.0.30804.86
MinimumVisualStudioVersion = 10.0.40219.1
Project("{2150E333-8FDC-42A3-9474-1A3956D46DE8}") = "CodeBehind", "CodeBehind", "{21D36955-95DF-189F-F462-3EA64FE19AA5}"
EndProject
Project("{2150E333-8FDC-42A3-9474-1A3956D46DE8}") = "ViewModel", "ViewModel", "{6F543814-7740-FC98-73A5-CC0A913546B8}"
EndProject
Project("{2150E333-8FDC-42A3-9474-1A3956D46DE8}") = "EFCore", "EFCore", "{183ED980-C32E-C675-E55D-281EBAB34CB4}"
EndProject
Project("{2150E333-8FDC-42A3-9474-1A3956D46DE8}") = "XPO", "XPO", "{BA298011-020E-89D7-9A29-3E4378A90301}"
EndProject
Project("{2150E333-8FDC-42A3-9474-1A3956D46DE8}") = "EFCore", "EFCore", "{8E928C27-5585-9913-8FA6-24A164DF3179}"
EndProject
Project("{2150E333-8FDC-42A3-9474-1A3956D46DE8}") = "XPO", "XPO", "{2F4361B4-3AD6-FBAD-85C3-977E24FC7DCE}"
EndProject
Project("{FAE04EC0-301F-11D3-BF4B-00C04F79EFBC}") = "InfiniteAsyncSource", "CodeBehind\EFCore\InfiniteAsyncSource\InfiniteAsyncSource.Net5.csproj", "{B7E6D722-D306-C409-A1F5-6AEAFB21A281}"
EndProject
Project("{FAE04EC0-301F-11D3-BF4B-00C04F79EFBC}") = "InstantFeedbackMode", "CodeBehind\EFCore\InstantFeedbackMode\InstantFeedbackMode.Net5.csproj", "{2138333B-751D-1786-5AB5-04A2980BC1D6}"
EndProject
Project("{FAE04EC0-301F-11D3-BF4B-00C04F79EFBC}") = "LocalData", "CodeBehind\EFCore\LocalData\LocalData.Net5.csproj", "{47801E06-424B-AAF6-B81A-3A255896EBF7}"
EndProject
Project("{FAE04EC0-301F-11D3-BF4B-00C04F79EFBC}") = "PagedAsyncSource", "CodeBehind\EFCore\PagedAsyncSource\PagedAsyncSource.Net5.csproj", "{ADFA4798-6BAA-6967-F813-89F0229D1B96}"
EndProject
Project("{FAE04EC0-301F-11D3-BF4B-00C04F79EFBC}") = "ServerMode", "CodeBehind\EFCore\ServerMode\ServerMode.Net5.csproj", "{87473A0C-89A5-1C21-97E7-6F40ACD3C060}"
EndProject
Project("{FAE04EC0-301F-11D3-BF4B-00C04F79EFBC}") = "InfiniteAsyncSource", "CodeBehind\XPO\InfiniteAsyncSource\InfiniteAsyncSource.Net5.csproj", "{E6B48ECF-D1AE-2578-8ED2-6C2F30D1EE45}"
EndProject
Project("{FAE04EC0-301F-11D3-BF4B-00C04F79EFBC}") = "InstantFeedbackMode", "CodeBehind\XPO\InstantFeedbackMode\InstantFeedbackMode.Net5.csproj", "{3669B2E4-A2B9-6F16-C3CA-605028AA0AAB}"
EndProject
Project("{FAE04EC0-301F-11D3-BF4B-00C04F79EFBC}") = "LocalData", "CodeBehind\XPO\LocalData\LocalData.Net5.csproj", "{3A7AE472-766F-98FF-6FFE-E1BF5438D9D5}"
EndProject
Project("{FAE04EC0-301F-11D3-BF4B-00C04F79EFBC}") = "PagedAsyncSource", "CodeBehind\XPO\PagedAsyncSource\PagedAsyncSource.Net5.csproj", "{72F1F8F8-6DA9-2B57-1ADC-B179DFAC534D}"
EndProject
Project("{FAE04EC0-301F-11D3-BF4B-00C04F79EFBC}") = "ServerMode", "CodeBehind\XPO\ServerMode\ServerMode.Net5.csproj", "{B0473BD1-804F-68B7-AC1B-D24EFC3E3C0F}"
EndProject
Project("{FAE04EC0-301F-11D3-BF4B-00C04F79EFBC}") = "InfiniteAsyncSource", "ViewModel\EFCore\InfiniteAsyncSource\InfiniteAsyncSource.Net5.csproj", "{75B40700-47BF-EE34-106B-49B693C14CD3}"
EndProject
Project("{FAE04EC0-301F-11D3-BF4B-00C04F79EFBC}") = "InstantFeedbackMode", "ViewModel\EFCore\InstantFeedbackMode\InstantFeedbackMode.Net5.csproj", "{CAD2530B-A4C1-61AD-CBA7-DB8548EBCCDB}"
EndProject
Project("{FAE04EC0-301F-11D3-BF4B-00C04F79EFBC}") = "LocalData", "ViewModel\EFCore\LocalData\LocalData.Net5.csproj", "{9C83E2AC-8A16-8CF6-05A1-4D24A6D37010}"
EndProject
Project("{FAE04EC0-301F-11D3-BF4B-00C04F79EFBC}") = "PagedAsyncSource", "ViewModel\EFCore\PagedAsyncSource\PagedAsyncSource.Net5.csproj", "{6F66E7B7-3AF3-5381-0DE6-27A3F07078E8}"
EndProject
Project("{FAE04EC0-301F-11D3-BF4B-00C04F79EFBC}") = "ServerMode", "ViewModel\EFCore\ServerMode\ServerMode.Net5.csproj", "{30677180-75CA-B378-283E-592104E900AE}"
EndProject
Project("{FAE04EC0-301F-11D3-BF4B-00C04F79EFBC}") = "InfiniteAsyncSource", "ViewModel\XPO\InfiniteAsyncSource\InfiniteAsyncSource.Net5.csproj", "{D45CE161-9F15-E3EA-D8E3-D32E1005A3A6}"
EndProject
Project("{FAE04EC0-301F-11D3-BF4B-00C04F79EFBC}") = "InstantFeedbackMode", "ViewModel\XPO\InstantFeedbackMode\InstantFeedbackMode.Net5.csproj", "{458CC994-873E-B932-DFAC-BA1D47463452}"
EndProject
Project("{FAE04EC0-301F-11D3-BF4B-00C04F79EFBC}") = "LocalData", "ViewModel\XPO\LocalData\LocalData.Net5.csproj", "{B9622751-FE28-84F8-EB26-5F3F95EF6497}"
EndProject
Project("{FAE04EC0-301F-11D3-BF4B-00C04F79EFBC}") = "PagedAsyncSource", "ViewModel\XPO\PagedAsyncSource\PagedAsyncSource.Net5.csproj", "{F9C7D214-7314-7427-227C-4D0D062CD3E9}"
EndProject
Project("{FAE04EC0-301F-11D3-BF4B-00C04F79EFBC}") = "ServerMode", "ViewModel\XPO\ServerMode\ServerMode.Net5.csproj", "{2B8C4A5D-723E-AC15-5905-BDBCE5C10D75}"
EndProject
Global
	GlobalSection(SolutionConfigurationPlatforms) = preSolution
		Debug|Any CPU = Debug|Any CPU
		Release|Any CPU = Release|Any CPU
	EndGlobalSection
	GlobalSection(ProjectConfigurationPlatforms) = postSolution
		{B7E6D722-D306-C409-A1F5-6AEAFB21A281}.Debug|Any CPU.ActiveCfg = Debug|Any CPU
		{B7E6D722-D306-C409-A1F5-6AEAFB21A281}.Debug|Any CPU.Build.0 = Debug|Any CPU
		{B7E6D722-D306-C409-A1F5-6AEAFB21A281}.Release|Any CPU.ActiveCfg = Release|Any CPU
		{B7E6D722-D306-C409-A1F5-6AEAFB21A281}.Release|Any CPU.Build.0 = Release|Any CPU
		{2138333B-751D-1786-5AB5-04A2980BC1D6}.Debug|Any CPU.ActiveCfg = Debug|Any CPU
		{2138333B-751D-1786-5AB5-04A2980BC1D6}.Debug|Any CPU.Build.0 = Debug|Any CPU
		{2138333B-751D-1786-5AB5-04A2980BC1D6}.Release|Any CPU.ActiveCfg = Release|Any CPU
		{2138333B-751D-1786-5AB5-04A2980BC1D6}.Release|Any CPU.Build.0 = Release|Any CPU
		{47801E06-424B-AAF6-B81A-3A255896EBF7}.Debug|Any CPU.ActiveCfg = Debug|Any CPU
		{47801E06-424B-AAF6-B81A-3A255896EBF7}.Debug|Any CPU.Build.0 = Debug|Any CPU
		{47801E06-424B-AAF6-B81A-3A255896EBF7}.Release|Any CPU.ActiveCfg = Release|Any CPU
		{47801E06-424B-AAF6-B81A-3A255896EBF7}.Release|Any CPU.Build.0 = Release|Any CPU
		{ADFA4798-6BAA-6967-F813-89F0229D1B96}.Debug|Any CPU.ActiveCfg = Debug|Any CPU
		{ADFA4798-6BAA-6967-F813-89F0229D1B96}.Debug|Any CPU.Build.0 = Debug|Any CPU
		{ADFA4798-6BAA-6967-F813-89F0229D1B96}.Release|Any CPU.ActiveCfg = Release|Any CPU
		{ADFA4798-6BAA-6967-F813-89F0229D1B96}.Release|Any CPU.Build.0 = Release|Any CPU
		{87473A0C-89A5-1C21-97E7-6F40ACD3C060}.Debug|Any CPU.ActiveCfg = Debug|Any CPU
		{87473A0C-89A5-1C21-97E7-6F40ACD3C060}.Debug|Any CPU.Build.0 = Debug|Any CPU
		{87473A0C-89A5-1C21-97E7-6F40ACD3C060}.Release|Any CPU.ActiveCfg = Release|Any CPU
		{87473A0C-89A5-1C21-97E7-6F40ACD3C060}.Release|Any CPU.Build.0 = Release|Any CPU
		{E6B48ECF-D1AE-2578-8ED2-6C2F30D1EE45}.Debug|Any CPU.ActiveCfg = Debug|Any CPU
		{E6B48ECF-D1AE-2578-8ED2-6C2F30D1EE45}.Debug|Any CPU.Build.0 = Debug|Any CPU
		{E6B48ECF-D1AE-2578-8ED2-6C2F30D1EE45}.Release|Any CPU.ActiveCfg = Release|Any CPU
		{E6B48ECF-D1AE-2578-8ED2-6C2F30D1EE45}.Release|Any CPU.Build.0 = Release|Any CPU
		{3669B2E4-A2B9-6F16-C3CA-605028AA0AAB}.Debug|Any CPU.ActiveCfg = Debug|Any CPU
		{3669B2E4-A2B9-6F16-C3CA-605028AA0AAB}.Debug|Any CPU.Build.0 = Debug|Any CPU
		{3669B2E4-A2B9-6F16-C3CA-605028AA0AAB}.Release|Any CPU.ActiveCfg = Release|Any CPU
		{3669B2E4-A2B9-6F16-C3CA-605028AA0AAB}.Release|Any CPU.Build.0 = Release|Any CPU
		{3A7AE472-766F-98FF-6FFE-E1BF5438D9D5}.Debug|Any CPU.ActiveCfg = Debug|Any CPU
		{3A7AE472-766F-98FF-6FFE-E1BF5438D9D5}.Debug|Any CPU.Build.0 = Debug|Any CPU
		{3A7AE472-766F-98FF-6FFE-E1BF5438D9D5}.Release|Any CPU.ActiveCfg = Release|Any CPU
		{3A7AE472-766F-98FF-6FFE-E1BF5438D9D5}.Release|Any CPU.Build.0 = Release|Any CPU
		{72F1F8F8-6DA9-2B57-1ADC-B179DFAC534D}.Debug|Any CPU.ActiveCfg = Debug|Any CPU
		{72F1F8F8-6DA9-2B57-1ADC-B179DFAC534D}.Debug|Any CPU.Build.0 = Debug|Any CPU
		{72F1F8F8-6DA9-2B57-1ADC-B179DFAC534D}.Release|Any CPU.ActiveCfg = Release|Any CPU
		{72F1F8F8-6DA9-2B57-1ADC-B179DFAC534D}.Release|Any CPU.Build.0 = Release|Any CPU
		{B0473BD1-804F-68B7-AC1B-D24EFC3E3C0F}.Debug|Any CPU.ActiveCfg = Debug|Any CPU
		{B0473BD1-804F-68B7-AC1B-D24EFC3E3C0F}.Debug|Any CPU.Build.0 = Debug|Any CPU
		{B0473BD1-804F-68B7-AC1B-D24EFC3E3C0F}.Release|Any CPU.ActiveCfg = Release|Any CPU
		{B0473BD1-804F-68B7-AC1B-D24EFC3E3C0F}.Release|Any CPU.Build.0 = Release|Any CPU
		{75B40700-47BF-EE34-106B-49B693C14CD3}.Debug|Any CPU.ActiveCfg = Debug|Any CPU
		{75B40700-47BF-EE34-106B-49B693C14CD3}.Debug|Any CPU.Build.0 = Debug|Any CPU
		{75B40700-47BF-EE34-106B-49B693C14CD3}.Release|Any CPU.ActiveCfg = Release|Any CPU
		{75B40700-47BF-EE34-106B-49B693C14CD3}.Release|Any CPU.Build.0 = Release|Any CPU
		{CAD2530B-A4C1-61AD-CBA7-DB8548EBCCDB}.Debug|Any CPU.ActiveCfg = Debug|Any CPU
		{CAD2530B-A4C1-61AD-CBA7-DB8548EBCCDB}.Debug|Any CPU.Build.0 = Debug|Any CPU
		{CAD2530B-A4C1-61AD-CBA7-DB8548EBCCDB}.Release|Any CPU.ActiveCfg = Release|Any CPU
		{CAD2530B-A4C1-61AD-CBA7-DB8548EBCCDB}.Release|Any CPU.Build.0 = Release|Any CPU
		{9C83E2AC-8A16-8CF6-05A1-4D24A6D37010}.Debug|Any CPU.ActiveCfg = Debug|Any CPU
		{9C83E2AC-8A16-8CF6-05A1-4D24A6D37010}.Debug|Any CPU.Build.0 = Debug|Any CPU
		{9C83E2AC-8A16-8CF6-05A1-4D24A6D37010}.Release|Any CPU.ActiveCfg = Release|Any CPU
		{9C83E2AC-8A16-8CF6-05A1-4D24A6D37010}.Release|Any CPU.Build.0 = Release|Any CPU
		{6F66E7B7-3AF3-5381-0DE6-27A3F07078E8}.Debug|Any CPU.ActiveCfg = Debug|Any CPU
		{6F66E7B7-3AF3-5381-0DE6-27A3F07078E8}.Debug|Any CPU.Build.0 = Debug|Any CPU
		{6F66E7B7-3AF3-5381-0DE6-27A3F07078E8}.Release|Any CPU.ActiveCfg = Release|Any CPU
		{6F66E7B7-3AF3-5381-0DE6-27A3F07078E8}.Release|Any CPU.Build.0 = Release|Any CPU
		{30677180-75CA-B378-283E-592104E900AE}.Debug|Any CPU.ActiveCfg = Debug|Any CPU
		{30677180-75CA-B378-283E-592104E900AE}.Debug|Any CPU.Build.0 = Debug|Any CPU
		{30677180-75CA-B378-283E-592104E900AE}.Release|Any CPU.ActiveCfg = Release|Any CPU
		{30677180-75CA-B378-283E-592104E900AE}.Release|Any CPU.Build.0 = Release|Any CPU
		{D45CE161-9F15-E3EA-D8E3-D32E1005A3A6}.Debug|Any CPU.ActiveCfg = Debug|Any CPU
		{D45CE161-9F15-E3EA-D8E3-D32E1005A3A6}.Debug|Any CPU.Build.0 = Debug|Any CPU
		{D45CE161-9F15-E3EA-D8E3-D32E1005A3A6}.Release|Any CPU.ActiveCfg = Release|Any CPU
		{D45CE161-9F15-E3EA-D8E3-D32E1005A3A6}.Release|Any CPU.Build.0 = Release|Any CPU
		{458CC994-873E-B932-DFAC-BA1D47463452}.Debug|Any CPU.ActiveCfg = Debug|Any CPU
		{458CC994-873E-B932-DFAC-BA1D47463452}.Debug|Any CPU.Build.0 = Debug|Any CPU
		{458CC994-873E-B932-DFAC-BA1D47463452}.Release|Any CPU.ActiveCfg = Release|Any CPU
		{458CC994-873E-B932-DFAC-BA1D47463452}.Release|Any CPU.Build.0 = Release|Any CPU
		{B9622751-FE28-84F8-EB26-5F3F95EF6497}.Debug|Any CPU.ActiveCfg = Debug|Any CPU
		{B9622751-FE28-84F8-EB26-5F3F95EF6497}.Debug|Any CPU.Build.0 = Debug|Any CPU
		{B9622751-FE28-84F8-EB26-5F3F95EF6497}.Release|Any CPU.ActiveCfg = Release|Any CPU
		{B9622751-FE28-84F8-EB26-5F3F95EF6497}.Release|Any CPU.Build.0 = Release|Any CPU
		{F9C7D214-7314-7427-227C-4D0D062CD3E9}.Debug|Any CPU.ActiveCfg = Debug|Any CPU
		{F9C7D214-7314-7427-227C-4D0D062CD3E9}.Debug|Any CPU.Build.0 = Debug|Any CPU
		{F9C7D214-7314-7427-227C-4D0D062CD3E9}.Release|Any CPU.ActiveCfg = Release|Any CPU
		{F9C7D214-7314-7427-227C-4D0D062CD3E9}.Release|Any CPU.Build.0 = Release|Any CPU
		{2B8C4A5D-723E-AC15-5905-BDBCE5C10D75}.Debug|Any CPU.ActiveCfg = Debug|Any CPU
		{2B8C4A5D-723E-AC15-5905-BDBCE5C10D75}.Debug|Any CPU.Build.0 = Debug|Any CPU
		{2B8C4A5D-723E-AC15-5905-BDBCE5C10D75}.Release|Any CPU.ActiveCfg = Release|Any CPU
		{2B8C4A5D-723E-AC15-5905-BDBCE5C10D75}.Release|Any CPU.Build.0 = Release|Any CPU
	EndGlobalSection
	GlobalSection(SolutionProperties) = preSolution
		HideSolutionNode = FALSE
	EndGlobalSection
	GlobalSection(NestedProjects) = preSolution
		{183ED980-C32E-C675-E55D-281EBAB34CB4} = {21D36955-95DF-189F-F462-3EA64FE19AA5}
		{BA298011-020E-89D7-9A29-3E4378A90301} = {21D36955-95DF-189F-F462-3EA64FE19AA5}
		{8E928C27-5585-9913-8FA6-24A164DF3179} = {6F543814-7740-FC98-73A5-CC0A913546B8}
		{2F4361B4-3AD6-FBAD-85C3-977E24FC7DCE} = {6F543814-7740-FC98-73A5-CC0A913546B8}
		{B7E6D722-D306-C409-A1F5-6AEAFB21A281} = {183ED980-C32E-C675-E55D-281EBAB34CB4}
		{2138333B-751D-1786-5AB5-04A2980BC1D6} = {183ED980-C32E-C675-E55D-281EBAB34CB4}
		{47801E06-424B-AAF6-B81A-3A255896EBF7} = {183ED980-C32E-C675-E55D-281EBAB34CB4}
		{ADFA4798-6BAA-6967-F813-89F0229D1B96} = {183ED980-C32E-C675-E55D-281EBAB34CB4}
		{87473A0C-89A5-1C21-97E7-6F40ACD3C060} = {183ED980-C32E-C675-E55D-281EBAB34CB4}
		{E6B48ECF-D1AE-2578-8ED2-6C2F30D1EE45} = {BA298011-020E-89D7-9A29-3E4378A90301}
		{3669B2E4-A2B9-6F16-C3CA-605028AA0AAB} = {BA298011-020E-89D7-9A29-3E4378A90301}
		{3A7AE472-766F-98FF-6FFE-E1BF5438D9D5} = {BA298011-020E-89D7-9A29-3E4378A90301}
		{72F1F8F8-6DA9-2B57-1ADC-B179DFAC534D} = {BA298011-020E-89D7-9A29-3E4378A90301}
		{B0473BD1-804F-68B7-AC1B-D24EFC3E3C0F} = {BA298011-020E-89D7-9A29-3E4378A90301}
		{75B40700-47BF-EE34-106B-49B693C14CD3} = {8E928C27-5585-9913-8FA6-24A164DF3179}
		{CAD2530B-A4C1-61AD-CBA7-DB8548EBCCDB} = {8E928C27-5585-9913-8FA6-24A164DF3179}
		{9C83E2AC-8A16-8CF6-05A1-4D24A6D37010} = {8E928C27-5585-9913-8FA6-24A164DF3179}
		{6F66E7B7-3AF3-5381-0DE6-27A3F07078E8} = {8E928C27-5585-9913-8FA6-24A164DF3179}
		{30677180-75CA-B378-283E-592104E900AE} = {8E928C27-5585-9913-8FA6-24A164DF3179}
		{D45CE161-9F15-E3EA-D8E3-D32E1005A3A6} = {2F4361B4-3AD6-FBAD-85C3-977E24FC7DCE}
		{458CC994-873E-B932-DFAC-BA1D47463452} = {2F4361B4-3AD6-FBAD-85C3-977E24FC7DCE}
		{B9622751-FE28-84F8-EB26-5F3F95EF6497} = {2F4361B4-3AD6-FBAD-85C3-977E24FC7DCE}
		{F9C7D214-7314-7427-227C-4D0D062CD3E9} = {2F4361B4-3AD6-FBAD-85C3-977E24FC7DCE}
		{2B8C4A5D-723E-AC15-5905-BDBCE5C10D75} = {2F4361B4-3AD6-FBAD-85C3-977E24FC7DCE}
	EndGlobalSection
	GlobalSection(ExtensibilityGlobals) = postSolution
		SolutionGuid = {C2985FFC-1732-4AAE-8982-66F17CE560A5}
	EndGlobalSection
EndGlobal
