
Microsoft Visual Studio Solution File, Format Version 12.00
# Visual Studio Version 16
VisualStudioVersion = 16.0.29806.167
MinimumVisualStudioVersion = 10.0.40219.1
Project("{FAE04EC0-301F-11D3-BF4B-00C04F79EFBC}") = "GridControlCRUDSimple", "GridControlCRUDSimple\GridControlCRUDSimple.csproj", "{9E2883B9-744A-48BF-B25A-EA4B2D435C9D}"
EndProject
Project("{FAE04EC0-301F-11D3-BF4B-00C04F79EFBC}") = "GridControlCRUDMVVM", "GridControlCRUDMVVM\GridControlCRUDMVVM.csproj", "{69E85A61-E7D4-4C9D-A433-13E742AE30BC}"
EndProject
Project("{FAE04EC0-301F-11D3-BF4B-00C04F79EFBC}") = "GridControlCRUDMVVMAsync", "GridControlCRUDMVVMAsync\GridControlCRUDMVVMAsync.csproj", "{659194A7-745D-4A56-A683-B150B9170F53}"
EndProject
Project("{FAE04EC0-301F-11D3-BF4B-00C04F79EFBC}") = "GridControlCRUDMVVMInfiniteAsyncSource", "GridControlCRUDMVVMInfiniteAsyncSource\GridControlCRUDMVVMInfiniteAsyncSource.csproj", "{99F77CC9-A05A-4064-B0A9-63E0B93ED156}"
EndProject
Project("{D954291E-2A0B-460D-934E-DC6B0785DB48}") = "GridControlCRUD.Common", "GridControlCRUD.Common\GridControlCRUD.Common.shproj", "{54545472-60DD-4558-AB19-0263FCDCF711}"
EndProject
Project("{D954291E-2A0B-460D-934E-DC6B0785DB48}") = "GridControlCRUD.Common.Northwind", "GridControlCRUD.Common.Northwind\GridControlCRUD.Common.Northwind.shproj", "{A38AC39B-E0EE-450A-8E2B-4B561B1CA63C}"
EndProject
Global
	GlobalSection(SharedMSBuildProjectFiles) = preSolution
		GridControlCRUD.Common\GridControlCRUD.Common.projitems*{54545472-60dd-4558-ab19-0263fcdcf711}*SharedItemsImports = 13
		GridControlCRUD.Common.Northwind\GridControlCRUD.Common.Northwind.projitems*{659194a7-745d-4a56-a683-b150b9170f53}*SharedItemsImports = 4
		GridControlCRUD.Common\GridControlCRUD.Common.projitems*{659194a7-745d-4a56-a683-b150b9170f53}*SharedItemsImports = 4
		GridControlCRUD.Common.Northwind\GridControlCRUD.Common.Northwind.projitems*{69e85a61-e7d4-4c9d-a433-13e742ae30bc}*SharedItemsImports = 4
		GridControlCRUD.Common\GridControlCRUD.Common.projitems*{69e85a61-e7d4-4c9d-a433-13e742ae30bc}*SharedItemsImports = 4
		GridControlCRUD.Common\GridControlCRUD.Common.projitems*{99f77cc9-a05a-4064-b0a9-63e0b93ed156}*SharedItemsImports = 4
		GridControlCRUD.Common.Northwind\GridControlCRUD.Common.Northwind.projitems*{9e2883b9-744a-48bf-b25a-ea4b2d435c9d}*SharedItemsImports = 4
		GridControlCRUD.Common\GridControlCRUD.Common.projitems*{9e2883b9-744a-48bf-b25a-ea4b2d435c9d}*SharedItemsImports = 4
		GridControlCRUD.Common.Northwind\GridControlCRUD.Common.Northwind.projitems*{a38ac39b-e0ee-450a-8e2b-4b561b1ca63c}*SharedItemsImports = 13
	EndGlobalSection
	GlobalSection(SolutionConfigurationPlatforms) = preSolution
		Debug|Any CPU = Debug|Any CPU
		Release|Any CPU = Release|Any CPU
	EndGlobalSection
	GlobalSection(ProjectConfigurationPlatforms) = postSolution
		{9E2883B9-744A-48BF-B25A-EA4B2D435C9D}.Debug|Any CPU.ActiveCfg = Debug|Any CPU
		{9E2883B9-744A-48BF-B25A-EA4B2D435C9D}.Debug|Any CPU.Build.0 = Debug|Any CPU
		{9E2883B9-744A-48BF-B25A-EA4B2D435C9D}.Release|Any CPU.ActiveCfg = Release|Any CPU
		{9E2883B9-744A-48BF-B25A-EA4B2D435C9D}.Release|Any CPU.Build.0 = Release|Any CPU
		{69E85A61-E7D4-4C9D-A433-13E742AE30BC}.Debug|Any CPU.ActiveCfg = Debug|Any CPU
		{69E85A61-E7D4-4C9D-A433-13E742AE30BC}.Debug|Any CPU.Build.0 = Debug|Any CPU
		{69E85A61-E7D4-4C9D-A433-13E742AE30BC}.Release|Any CPU.ActiveCfg = Release|Any CPU
		{69E85A61-E7D4-4C9D-A433-13E742AE30BC}.Release|Any CPU.Build.0 = Release|Any CPU
		{659194A7-745D-4A56-A683-B150B9170F53}.Debug|Any CPU.ActiveCfg = Debug|Any CPU
		{659194A7-745D-4A56-A683-B150B9170F53}.Debug|Any CPU.Build.0 = Debug|Any CPU
		{659194A7-745D-4A56-A683-B150B9170F53}.Release|Any CPU.ActiveCfg = Release|Any CPU
		{659194A7-745D-4A56-A683-B150B9170F53}.Release|Any CPU.Build.0 = Release|Any CPU
		{99F77CC9-A05A-4064-B0A9-63E0B93ED156}.Debug|Any CPU.ActiveCfg = Debug|Any CPU
		{99F77CC9-A05A-4064-B0A9-63E0B93ED156}.Debug|Any CPU.Build.0 = Debug|Any CPU
		{99F77CC9-A05A-4064-B0A9-63E0B93ED156}.Release|Any CPU.ActiveCfg = Release|Any CPU
		{99F77CC9-A05A-4064-B0A9-63E0B93ED156}.Release|Any CPU.Build.0 = Release|Any CPU
	EndGlobalSection
	GlobalSection(SolutionProperties) = preSolution
		HideSolutionNode = FALSE
	EndGlobalSection
	GlobalSection(ExtensibilityGlobals) = postSolution
		SolutionGuid = {51597E69-ADA1-4945-9493-FC7C9FB65AD2}
	EndGlobalSection
EndGlobal
