
Microsoft Visual Studio Solution File, Format Version 12.00
# Visual Studio Version 16
VisualStudioVersion = 16.0.30804.86
MinimumVisualStudioVersion = 10.0.40219.1
Project("{2150E333-8FDC-42A3-9474-1A3956D46DE8}") = "CodeBehind", "CodeBehind", "{21D36955-95DF-189F-F462-3EA64FE19AA5}"
EndProject
Project("{2150E333-8FDC-42A3-9474-1A3956D46DE8}") = "ViewModel", "ViewModel", "{6F543814-7740-FC98-73A5-CC0A913546B8}"
EndProject
Project("{2150E333-8FDC-42A3-9474-1A3956D46DE8}") = "EFCore", "EFCore", "{183ED980-C32E-C675-E55D-281EBAB34CB4}"
EndProject
Project("{2150E333-8FDC-42A3-9474-1A3956D46DE8}") = "EntityFramework", "EntityFramework", "{E304686B-213A-3A36-A534-4EE68562656A}"
EndProject
Project("{2150E333-8FDC-42A3-9474-1A3956D46DE8}") = "XPO", "XPO", "{BA298011-020E-89D7-9A29-3E4378A90301}"
EndProject
Project("{2150E333-8FDC-42A3-9474-1A3956D46DE8}") = "EFCore", "EFCore", "{8E928C27-5585-9913-8FA6-24A164DF3179}"
EndProject
Project("{2150E333-8FDC-42A3-9474-1A3956D46DE8}") = "EntityFramework", "EntityFramework", "{9130DE36-C8E7-253F-F380-218962E462D9}"
EndProject
Project("{2150E333-8FDC-42A3-9474-1A3956D46DE8}") = "XPO", "XPO", "{2F4361B4-3AD6-FBAD-85C3-977E24FC7DCE}"
EndProject
Project("{FAE04EC0-301F-11D3-BF4B-00C04F79EFBC}") = "InfiniteAsyncSource", "CS\CodeBehind\EFCore\InfiniteAsyncSource\InfiniteAsyncSource.csproj", "{86B13E98-E258-BC85-590E-846B0364EAA4}"
EndProject
Project("{FAE04EC0-301F-11D3-BF4B-00C04F79EFBC}") = "InstantFeedbackMode", "CS\CodeBehind\EFCore\InstantFeedbackMode\InstantFeedbackMode.csproj", "{B43E4052-45CD-42BF-AD6F-6A5A0626A222}"
EndProject
Project("{FAE04EC0-301F-11D3-BF4B-00C04F79EFBC}") = "LocalData", "CS\CodeBehind\EFCore\LocalData\LocalData.csproj", "{9DEB7866-21C4-F17E-4BB6-805B617269A9}"
EndProject
Project("{FAE04EC0-301F-11D3-BF4B-00C04F79EFBC}") = "PagedAsyncSource", "CS\CodeBehind\EFCore\PagedAsyncSource\PagedAsyncSource.csproj", "{FC5C7AA2-EAF6-851F-A198-9EDC4FFDBE3B}"
EndProject
Project("{FAE04EC0-301F-11D3-BF4B-00C04F79EFBC}") = "ServerMode", "CS\CodeBehind\EFCore\ServerMode\ServerMode.csproj", "{645F4766-3F86-D783-B430-091419FCE155}"
EndProject
Project("{FAE04EC0-301F-11D3-BF4B-00C04F79EFBC}") = "InfiniteAsyncSource", "CS\CodeBehind\EntityFramework\InfiniteAsyncSource\InfiniteAsyncSource.csproj", "{EC537328-E020-469B-E230-D31597BE8BF8}"
EndProject
Project("{FAE04EC0-301F-11D3-BF4B-00C04F79EFBC}") = "InstantFeedbackMode", "CS\CodeBehind\EntityFramework\InstantFeedbackMode\InstantFeedbackMode.csproj", "{CB888E17-44B4-9CD6-1376-69B46E79C0C5}"
EndProject
Project("{FAE04EC0-301F-11D3-BF4B-00C04F79EFBC}") = "LocalData", "CS\CodeBehind\EntityFramework\LocalData\LocalData.csproj", "{FBB5F5B4-23AC-2EEC-AD2E-FD4312C8A1EA}"
EndProject
Project("{FAE04EC0-301F-11D3-BF4B-00C04F79EFBC}") = "PagedAsyncSource", "CS\CodeBehind\EntityFramework\PagedAsyncSource\PagedAsyncSource.csproj", "{5AE2E856-85A6-8BA0-C062-4B14C0DE5A3A}"
EndProject
Project("{FAE04EC0-301F-11D3-BF4B-00C04F79EFBC}") = "ServerMode", "CS\CodeBehind\EntityFramework\ServerMode\ServerMode.csproj", "{13E167BA-59FF-A9F9-A61B-2BA758F7929E}"
EndProject
Project("{FAE04EC0-301F-11D3-BF4B-00C04F79EFBC}") = "InfiniteAsyncSource", "CS\CodeBehind\XPO\InfiniteAsyncSource\InfiniteAsyncSource.csproj", "{7F720F91-C714-9CCB-031C-6A22BC7902AB}"
EndProject
Project("{FAE04EC0-301F-11D3-BF4B-00C04F79EFBC}") = "InstantFeedbackMode", "CS\CodeBehind\XPO\InstantFeedbackMode\InstantFeedbackMode.csproj", "{47DB68F9-D6F3-AA69-2949-47325621BE9A}"
EndProject
Project("{FAE04EC0-301F-11D3-BF4B-00C04F79EFBC}") = "LocalData", "CS\CodeBehind\XPO\LocalData\LocalData.csproj", "{3541B178-E676-0805-F25F-5A8CD5E3B24D}"
EndProject
Project("{FAE04EC0-301F-11D3-BF4B-00C04F79EFBC}") = "PagedAsyncSource", "CS\CodeBehind\XPO\PagedAsyncSource\PagedAsyncSource.csproj", "{261E2D0C-F01F-8D79-58B3-A3200B5BB4E0}"
EndProject
Project("{FAE04EC0-301F-11D3-BF4B-00C04F79EFBC}") = "ServerMode", "CS\CodeBehind\XPO\ServerMode\ServerMode.csproj", "{ED526726-F99A-4D1B-E784-C7E2DF69C400}"
EndProject
Project("{FAE04EC0-301F-11D3-BF4B-00C04F79EFBC}") = "InfiniteAsyncSource", "CS\ViewModel\EFCore\InfiniteAsyncSource\InfiniteAsyncSource.csproj", "{7CA671EC-636D-DCB9-77ED-22E6682697F4}"
EndProject
Project("{FAE04EC0-301F-11D3-BF4B-00C04F79EFBC}") = "InstantFeedbackMode", "CS\ViewModel\EFCore\InstantFeedbackMode\InstantFeedbackMode.csproj", "{D28308B7-96DD-268A-5983-3F6C7EC4AD44}"
EndProject
Project("{FAE04EC0-301F-11D3-BF4B-00C04F79EFBC}") = "LocalData", "CS\ViewModel\EFCore\LocalData\LocalData.csproj", "{17C42D41-995C-814A-B22D-5B28A08D618D}"
EndProject
Project("{FAE04EC0-301F-11D3-BF4B-00C04F79EFBC}") = "PagedAsyncSource", "CS\ViewModel\EFCore\PagedAsyncSource\PagedAsyncSource.csproj", "{53EE5C14-88F4-CD56-FB51-745A56607087}"
EndProject
Project("{FAE04EC0-301F-11D3-BF4B-00C04F79EFBC}") = "ServerMode", "CS\ViewModel\EFCore\ServerMode\ServerMode.csproj", "{F1A7D63D-08BA-3047-73E6-3085BC8A7E90}"
EndProject
Project("{FAE04EC0-301F-11D3-BF4B-00C04F79EFBC}") = "InfiniteAsyncSource", "CS\ViewModel\EntityFramework\InfiniteAsyncSource\InfiniteAsyncSource.csproj", "{5D4621D2-18E3-0995-CF6C-DD5FCBC6BAB6}"
EndProject
Project("{FAE04EC0-301F-11D3-BF4B-00C04F79EFBC}") = "InstantFeedbackMode", "CS\ViewModel\EntityFramework\InstantFeedbackMode\InstantFeedbackMode.csproj", "{1828CBE1-5AE8-B227-E1F2-82B736DB5460}"
EndProject
Project("{FAE04EC0-301F-11D3-BF4B-00C04F79EFBC}") = "LocalData", "CS\ViewModel\EntityFramework\LocalData\LocalData.csproj", "{9ED4EAA8-2BFE-FA15-D075-E4DDF3D1E8B9}"
EndProject
Project("{FAE04EC0-301F-11D3-BF4B-00C04F79EFBC}") = "PagedAsyncSource", "CS\ViewModel\EntityFramework\PagedAsyncSource\PagedAsyncSource.csproj", "{BB4CFCEB-CF6D-4A50-6D2A-51E96419C3C6}"
EndProject
Project("{FAE04EC0-301F-11D3-BF4B-00C04F79EFBC}") = "ServerMode", "CS\ViewModel\EntityFramework\ServerMode\ServerMode.csproj", "{69570F50-0037-5AE4-9A79-965B751C6E3A}"
EndProject
Project("{FAE04EC0-301F-11D3-BF4B-00C04F79EFBC}") = "InfiniteAsyncSource", "CS\ViewModel\XPO\InfiniteAsyncSource\InfiniteAsyncSource.csproj", "{BE50DE72-8C95-6F41-49C7-DF5EC0BE2853}"
EndProject
Project("{FAE04EC0-301F-11D3-BF4B-00C04F79EFBC}") = "InstantFeedbackMode", "CS\ViewModel\XPO\InstantFeedbackMode\InstantFeedbackMode.csproj", "{D1F884E8-ABBA-E99A-9F16-7D7F64BF9CB5}"
EndProject
Project("{FAE04EC0-301F-11D3-BF4B-00C04F79EFBC}") = "LocalData", "CS\ViewModel\XPO\LocalData\LocalData.csproj", "{AD4DE2D0-3966-6DB4-BBE7-3A9E7F380F8D}"
EndProject
Project("{FAE04EC0-301F-11D3-BF4B-00C04F79EFBC}") = "PagedAsyncSource", "CS\ViewModel\XPO\PagedAsyncSource\PagedAsyncSource.csproj", "{39375F77-2A24-EB8F-ADE2-933019B8F33B}"
EndProject
Project("{FAE04EC0-301F-11D3-BF4B-00C04F79EFBC}") = "ServerMode", "CS\ViewModel\XPO\ServerMode\ServerMode.csproj", "{EB4BD3C8-174E-B1FC-827D-F5E218EEBA05}"
EndProject
Global
	GlobalSection(SolutionConfigurationPlatforms) = preSolution
		Debug|Any CPU = Debug|Any CPU
		Release|Any CPU = Release|Any CPU
	EndGlobalSection
	GlobalSection(ProjectConfigurationPlatforms) = postSolution
		{86B13E98-E258-BC85-590E-846B0364EAA4}.Debug|Any CPU.ActiveCfg = Debug|Any CPU
		{86B13E98-E258-BC85-590E-846B0364EAA4}.Debug|Any CPU.Build.0 = Debug|Any CPU
		{86B13E98-E258-BC85-590E-846B0364EAA4}.Release|Any CPU.ActiveCfg = Release|Any CPU
		{86B13E98-E258-BC85-590E-846B0364EAA4}.Release|Any CPU.Build.0 = Release|Any CPU
		{B43E4052-45CD-42BF-AD6F-6A5A0626A222}.Debug|Any CPU.ActiveCfg = Debug|Any CPU
		{B43E4052-45CD-42BF-AD6F-6A5A0626A222}.Debug|Any CPU.Build.0 = Debug|Any CPU
		{B43E4052-45CD-42BF-AD6F-6A5A0626A222}.Release|Any CPU.ActiveCfg = Release|Any CPU
		{B43E4052-45CD-42BF-AD6F-6A5A0626A222}.Release|Any CPU.Build.0 = Release|Any CPU
		{9DEB7866-21C4-F17E-4BB6-805B617269A9}.Debug|Any CPU.ActiveCfg = Debug|Any CPU
		{9DEB7866-21C4-F17E-4BB6-805B617269A9}.Debug|Any CPU.Build.0 = Debug|Any CPU
		{9DEB7866-21C4-F17E-4BB6-805B617269A9}.Release|Any CPU.ActiveCfg = Release|Any CPU
		{9DEB7866-21C4-F17E-4BB6-805B617269A9}.Release|Any CPU.Build.0 = Release|Any CPU
		{FC5C7AA2-EAF6-851F-A198-9EDC4FFDBE3B}.Debug|Any CPU.ActiveCfg = Debug|Any CPU
		{FC5C7AA2-EAF6-851F-A198-9EDC4FFDBE3B}.Debug|Any CPU.Build.0 = Debug|Any CPU
		{FC5C7AA2-EAF6-851F-A198-9EDC4FFDBE3B}.Release|Any CPU.ActiveCfg = Release|Any CPU
		{FC5C7AA2-EAF6-851F-A198-9EDC4FFDBE3B}.Release|Any CPU.Build.0 = Release|Any CPU
		{645F4766-3F86-D783-B430-091419FCE155}.Debug|Any CPU.ActiveCfg = Debug|Any CPU
		{645F4766-3F86-D783-B430-091419FCE155}.Debug|Any CPU.Build.0 = Debug|Any CPU
		{645F4766-3F86-D783-B430-091419FCE155}.Release|Any CPU.ActiveCfg = Release|Any CPU
		{645F4766-3F86-D783-B430-091419FCE155}.Release|Any CPU.Build.0 = Release|Any CPU
		{EC537328-E020-469B-E230-D31597BE8BF8}.Debug|Any CPU.ActiveCfg = Debug|Any CPU
		{EC537328-E020-469B-E230-D31597BE8BF8}.Debug|Any CPU.Build.0 = Debug|Any CPU
		{EC537328-E020-469B-E230-D31597BE8BF8}.Release|Any CPU.ActiveCfg = Release|Any CPU
		{EC537328-E020-469B-E230-D31597BE8BF8}.Release|Any CPU.Build.0 = Release|Any CPU
		{CB888E17-44B4-9CD6-1376-69B46E79C0C5}.Debug|Any CPU.ActiveCfg = Debug|Any CPU
		{CB888E17-44B4-9CD6-1376-69B46E79C0C5}.Debug|Any CPU.Build.0 = Debug|Any CPU
		{CB888E17-44B4-9CD6-1376-69B46E79C0C5}.Release|Any CPU.ActiveCfg = Release|Any CPU
		{CB888E17-44B4-9CD6-1376-69B46E79C0C5}.Release|Any CPU.Build.0 = Release|Any CPU
		{FBB5F5B4-23AC-2EEC-AD2E-FD4312C8A1EA}.Debug|Any CPU.ActiveCfg = Debug|Any CPU
		{FBB5F5B4-23AC-2EEC-AD2E-FD4312C8A1EA}.Debug|Any CPU.Build.0 = Debug|Any CPU
		{FBB5F5B4-23AC-2EEC-AD2E-FD4312C8A1EA}.Release|Any CPU.ActiveCfg = Release|Any CPU
		{FBB5F5B4-23AC-2EEC-AD2E-FD4312C8A1EA}.Release|Any CPU.Build.0 = Release|Any CPU
		{5AE2E856-85A6-8BA0-C062-4B14C0DE5A3A}.Debug|Any CPU.ActiveCfg = Debug|Any CPU
		{5AE2E856-85A6-8BA0-C062-4B14C0DE5A3A}.Debug|Any CPU.Build.0 = Debug|Any CPU
		{5AE2E856-85A6-8BA0-C062-4B14C0DE5A3A}.Release|Any CPU.ActiveCfg = Release|Any CPU
		{5AE2E856-85A6-8BA0-C062-4B14C0DE5A3A}.Release|Any CPU.Build.0 = Release|Any CPU
		{13E167BA-59FF-A9F9-A61B-2BA758F7929E}.Debug|Any CPU.ActiveCfg = Debug|Any CPU
		{13E167BA-59FF-A9F9-A61B-2BA758F7929E}.Debug|Any CPU.Build.0 = Debug|Any CPU
		{13E167BA-59FF-A9F9-A61B-2BA758F7929E}.Release|Any CPU.ActiveCfg = Release|Any CPU
		{13E167BA-59FF-A9F9-A61B-2BA758F7929E}.Release|Any CPU.Build.0 = Release|Any CPU
		{7F720F91-C714-9CCB-031C-6A22BC7902AB}.Debug|Any CPU.ActiveCfg = Debug|Any CPU
		{7F720F91-C714-9CCB-031C-6A22BC7902AB}.Debug|Any CPU.Build.0 = Debug|Any CPU
		{7F720F91-C714-9CCB-031C-6A22BC7902AB}.Release|Any CPU.ActiveCfg = Release|Any CPU
		{7F720F91-C714-9CCB-031C-6A22BC7902AB}.Release|Any CPU.Build.0 = Release|Any CPU
		{47DB68F9-D6F3-AA69-2949-47325621BE9A}.Debug|Any CPU.ActiveCfg = Debug|Any CPU
		{47DB68F9-D6F3-AA69-2949-47325621BE9A}.Debug|Any CPU.Build.0 = Debug|Any CPU
		{47DB68F9-D6F3-AA69-2949-47325621BE9A}.Release|Any CPU.ActiveCfg = Release|Any CPU
		{47DB68F9-D6F3-AA69-2949-47325621BE9A}.Release|Any CPU.Build.0 = Release|Any CPU
		{3541B178-E676-0805-F25F-5A8CD5E3B24D}.Debug|Any CPU.ActiveCfg = Debug|Any CPU
		{3541B178-E676-0805-F25F-5A8CD5E3B24D}.Debug|Any CPU.Build.0 = Debug|Any CPU
		{3541B178-E676-0805-F25F-5A8CD5E3B24D}.Release|Any CPU.ActiveCfg = Release|Any CPU
		{3541B178-E676-0805-F25F-5A8CD5E3B24D}.Release|Any CPU.Build.0 = Release|Any CPU
		{261E2D0C-F01F-8D79-58B3-A3200B5BB4E0}.Debug|Any CPU.ActiveCfg = Debug|Any CPU
		{261E2D0C-F01F-8D79-58B3-A3200B5BB4E0}.Debug|Any CPU.Build.0 = Debug|Any CPU
		{261E2D0C-F01F-8D79-58B3-A3200B5BB4E0}.Release|Any CPU.ActiveCfg = Release|Any CPU
		{261E2D0C-F01F-8D79-58B3-A3200B5BB4E0}.Release|Any CPU.Build.0 = Release|Any CPU
		{ED526726-F99A-4D1B-E784-C7E2DF69C400}.Debug|Any CPU.ActiveCfg = Debug|Any CPU
		{ED526726-F99A-4D1B-E784-C7E2DF69C400}.Debug|Any CPU.Build.0 = Debug|Any CPU
		{ED526726-F99A-4D1B-E784-C7E2DF69C400}.Release|Any CPU.ActiveCfg = Release|Any CPU
		{ED526726-F99A-4D1B-E784-C7E2DF69C400}.Release|Any CPU.Build.0 = Release|Any CPU
		{7CA671EC-636D-DCB9-77ED-22E6682697F4}.Debug|Any CPU.ActiveCfg = Debug|Any CPU
		{7CA671EC-636D-DCB9-77ED-22E6682697F4}.Debug|Any CPU.Build.0 = Debug|Any CPU
		{7CA671EC-636D-DCB9-77ED-22E6682697F4}.Release|Any CPU.ActiveCfg = Release|Any CPU
		{7CA671EC-636D-DCB9-77ED-22E6682697F4}.Release|Any CPU.Build.0 = Release|Any CPU
		{D28308B7-96DD-268A-5983-3F6C7EC4AD44}.Debug|Any CPU.ActiveCfg = Debug|Any CPU
		{D28308B7-96DD-268A-5983-3F6C7EC4AD44}.Debug|Any CPU.Build.0 = Debug|Any CPU
		{D28308B7-96DD-268A-5983-3F6C7EC4AD44}.Release|Any CPU.ActiveCfg = Release|Any CPU
		{D28308B7-96DD-268A-5983-3F6C7EC4AD44}.Release|Any CPU.Build.0 = Release|Any CPU
		{17C42D41-995C-814A-B22D-5B28A08D618D}.Debug|Any CPU.ActiveCfg = Debug|Any CPU
		{17C42D41-995C-814A-B22D-5B28A08D618D}.Debug|Any CPU.Build.0 = Debug|Any CPU
		{17C42D41-995C-814A-B22D-5B28A08D618D}.Release|Any CPU.ActiveCfg = Release|Any CPU
		{17C42D41-995C-814A-B22D-5B28A08D618D}.Release|Any CPU.Build.0 = Release|Any CPU
		{53EE5C14-88F4-CD56-FB51-745A56607087}.Debug|Any CPU.ActiveCfg = Debug|Any CPU
		{53EE5C14-88F4-CD56-FB51-745A56607087}.Debug|Any CPU.Build.0 = Debug|Any CPU
		{53EE5C14-88F4-CD56-FB51-745A56607087}.Release|Any CPU.ActiveCfg = Release|Any CPU
		{53EE5C14-88F4-CD56-FB51-745A56607087}.Release|Any CPU.Build.0 = Release|Any CPU
		{F1A7D63D-08BA-3047-73E6-3085BC8A7E90}.Debug|Any CPU.ActiveCfg = Debug|Any CPU
		{F1A7D63D-08BA-3047-73E6-3085BC8A7E90}.Debug|Any CPU.Build.0 = Debug|Any CPU
		{F1A7D63D-08BA-3047-73E6-3085BC8A7E90}.Release|Any CPU.ActiveCfg = Release|Any CPU
		{F1A7D63D-08BA-3047-73E6-3085BC8A7E90}.Release|Any CPU.Build.0 = Release|Any CPU
		{5D4621D2-18E3-0995-CF6C-DD5FCBC6BAB6}.Debug|Any CPU.ActiveCfg = Debug|Any CPU
		{5D4621D2-18E3-0995-CF6C-DD5FCBC6BAB6}.Debug|Any CPU.Build.0 = Debug|Any CPU
		{5D4621D2-18E3-0995-CF6C-DD5FCBC6BAB6}.Release|Any CPU.ActiveCfg = Release|Any CPU
		{5D4621D2-18E3-0995-CF6C-DD5FCBC6BAB6}.Release|Any CPU.Build.0 = Release|Any CPU
		{1828CBE1-5AE8-B227-E1F2-82B736DB5460}.Debug|Any CPU.ActiveCfg = Debug|Any CPU
		{1828CBE1-5AE8-B227-E1F2-82B736DB5460}.Debug|Any CPU.Build.0 = Debug|Any CPU
		{1828CBE1-5AE8-B227-E1F2-82B736DB5460}.Release|Any CPU.ActiveCfg = Release|Any CPU
		{1828CBE1-5AE8-B227-E1F2-82B736DB5460}.Release|Any CPU.Build.0 = Release|Any CPU
		{9ED4EAA8-2BFE-FA15-D075-E4DDF3D1E8B9}.Debug|Any CPU.ActiveCfg = Debug|Any CPU
		{9ED4EAA8-2BFE-FA15-D075-E4DDF3D1E8B9}.Debug|Any CPU.Build.0 = Debug|Any CPU
		{9ED4EAA8-2BFE-FA15-D075-E4DDF3D1E8B9}.Release|Any CPU.ActiveCfg = Release|Any CPU
		{9ED4EAA8-2BFE-FA15-D075-E4DDF3D1E8B9}.Release|Any CPU.Build.0 = Release|Any CPU
		{BB4CFCEB-CF6D-4A50-6D2A-51E96419C3C6}.Debug|Any CPU.ActiveCfg = Debug|Any CPU
		{BB4CFCEB-CF6D-4A50-6D2A-51E96419C3C6}.Debug|Any CPU.Build.0 = Debug|Any CPU
		{BB4CFCEB-CF6D-4A50-6D2A-51E96419C3C6}.Release|Any CPU.ActiveCfg = Release|Any CPU
		{BB4CFCEB-CF6D-4A50-6D2A-51E96419C3C6}.Release|Any CPU.Build.0 = Release|Any CPU
		{69570F50-0037-5AE4-9A79-965B751C6E3A}.Debug|Any CPU.ActiveCfg = Debug|Any CPU
		{69570F50-0037-5AE4-9A79-965B751C6E3A}.Debug|Any CPU.Build.0 = Debug|Any CPU
		{69570F50-0037-5AE4-9A79-965B751C6E3A}.Release|Any CPU.ActiveCfg = Release|Any CPU
		{69570F50-0037-5AE4-9A79-965B751C6E3A}.Release|Any CPU.Build.0 = Release|Any CPU
		{BE50DE72-8C95-6F41-49C7-DF5EC0BE2853}.Debug|Any CPU.ActiveCfg = Debug|Any CPU
		{BE50DE72-8C95-6F41-49C7-DF5EC0BE2853}.Debug|Any CPU.Build.0 = Debug|Any CPU
		{BE50DE72-8C95-6F41-49C7-DF5EC0BE2853}.Release|Any CPU.ActiveCfg = Release|Any CPU
		{BE50DE72-8C95-6F41-49C7-DF5EC0BE2853}.Release|Any CPU.Build.0 = Release|Any CPU
		{D1F884E8-ABBA-E99A-9F16-7D7F64BF9CB5}.Debug|Any CPU.ActiveCfg = Debug|Any CPU
		{D1F884E8-ABBA-E99A-9F16-7D7F64BF9CB5}.Debug|Any CPU.Build.0 = Debug|Any CPU
		{D1F884E8-ABBA-E99A-9F16-7D7F64BF9CB5}.Release|Any CPU.ActiveCfg = Release|Any CPU
		{D1F884E8-ABBA-E99A-9F16-7D7F64BF9CB5}.Release|Any CPU.Build.0 = Release|Any CPU
		{AD4DE2D0-3966-6DB4-BBE7-3A9E7F380F8D}.Debug|Any CPU.ActiveCfg = Debug|Any CPU
		{AD4DE2D0-3966-6DB4-BBE7-3A9E7F380F8D}.Debug|Any CPU.Build.0 = Debug|Any CPU
		{AD4DE2D0-3966-6DB4-BBE7-3A9E7F380F8D}.Release|Any CPU.ActiveCfg = Release|Any CPU
		{AD4DE2D0-3966-6DB4-BBE7-3A9E7F380F8D}.Release|Any CPU.Build.0 = Release|Any CPU
		{39375F77-2A24-EB8F-ADE2-933019B8F33B}.Debug|Any CPU.ActiveCfg = Debug|Any CPU
		{39375F77-2A24-EB8F-ADE2-933019B8F33B}.Debug|Any CPU.Build.0 = Debug|Any CPU
		{39375F77-2A24-EB8F-ADE2-933019B8F33B}.Release|Any CPU.ActiveCfg = Release|Any CPU
		{39375F77-2A24-EB8F-ADE2-933019B8F33B}.Release|Any CPU.Build.0 = Release|Any CPU
		{EB4BD3C8-174E-B1FC-827D-F5E218EEBA05}.Debug|Any CPU.ActiveCfg = Debug|Any CPU
		{EB4BD3C8-174E-B1FC-827D-F5E218EEBA05}.Debug|Any CPU.Build.0 = Debug|Any CPU
		{EB4BD3C8-174E-B1FC-827D-F5E218EEBA05}.Release|Any CPU.ActiveCfg = Release|Any CPU
		{EB4BD3C8-174E-B1FC-827D-F5E218EEBA05}.Release|Any CPU.Build.0 = Release|Any CPU
	EndGlobalSection
	GlobalSection(SolutionProperties) = preSolution
		HideSolutionNode = FALSE
	EndGlobalSection
	GlobalSection(NestedProjects) = preSolution
		{183ED980-C32E-C675-E55D-281EBAB34CB4} = {21D36955-95DF-189F-F462-3EA64FE19AA5}
		{E304686B-213A-3A36-A534-4EE68562656A} = {21D36955-95DF-189F-F462-3EA64FE19AA5}
		{BA298011-020E-89D7-9A29-3E4378A90301} = {21D36955-95DF-189F-F462-3EA64FE19AA5}
		{8E928C27-5585-9913-8FA6-24A164DF3179} = {6F543814-7740-FC98-73A5-CC0A913546B8}
		{9130DE36-C8E7-253F-F380-218962E462D9} = {6F543814-7740-FC98-73A5-CC0A913546B8}
		{2F4361B4-3AD6-FBAD-85C3-977E24FC7DCE} = {6F543814-7740-FC98-73A5-CC0A913546B8}
		{86B13E98-E258-BC85-590E-846B0364EAA4} = {183ED980-C32E-C675-E55D-281EBAB34CB4}
		{B43E4052-45CD-42BF-AD6F-6A5A0626A222} = {183ED980-C32E-C675-E55D-281EBAB34CB4}
		{9DEB7866-21C4-F17E-4BB6-805B617269A9} = {183ED980-C32E-C675-E55D-281EBAB34CB4}
		{FC5C7AA2-EAF6-851F-A198-9EDC4FFDBE3B} = {183ED980-C32E-C675-E55D-281EBAB34CB4}
		{645F4766-3F86-D783-B430-091419FCE155} = {183ED980-C32E-C675-E55D-281EBAB34CB4}
		{EC537328-E020-469B-E230-D31597BE8BF8} = {E304686B-213A-3A36-A534-4EE68562656A}
		{CB888E17-44B4-9CD6-1376-69B46E79C0C5} = {E304686B-213A-3A36-A534-4EE68562656A}
		{FBB5F5B4-23AC-2EEC-AD2E-FD4312C8A1EA} = {E304686B-213A-3A36-A534-4EE68562656A}
		{5AE2E856-85A6-8BA0-C062-4B14C0DE5A3A} = {E304686B-213A-3A36-A534-4EE68562656A}
		{13E167BA-59FF-A9F9-A61B-2BA758F7929E} = {E304686B-213A-3A36-A534-4EE68562656A}
		{7F720F91-C714-9CCB-031C-6A22BC7902AB} = {BA298011-020E-89D7-9A29-3E4378A90301}
		{47DB68F9-D6F3-AA69-2949-47325621BE9A} = {BA298011-020E-89D7-9A29-3E4378A90301}
		{3541B178-E676-0805-F25F-5A8CD5E3B24D} = {BA298011-020E-89D7-9A29-3E4378A90301}
		{261E2D0C-F01F-8D79-58B3-A3200B5BB4E0} = {BA298011-020E-89D7-9A29-3E4378A90301}
		{ED526726-F99A-4D1B-E784-C7E2DF69C400} = {BA298011-020E-89D7-9A29-3E4378A90301}
		{7CA671EC-636D-DCB9-77ED-22E6682697F4} = {8E928C27-5585-9913-8FA6-24A164DF3179}
		{D28308B7-96DD-268A-5983-3F6C7EC4AD44} = {8E928C27-5585-9913-8FA6-24A164DF3179}
		{17C42D41-995C-814A-B22D-5B28A08D618D} = {8E928C27-5585-9913-8FA6-24A164DF3179}
		{53EE5C14-88F4-CD56-FB51-745A56607087} = {8E928C27-5585-9913-8FA6-24A164DF3179}
		{F1A7D63D-08BA-3047-73E6-3085BC8A7E90} = {8E928C27-5585-9913-8FA6-24A164DF3179}
		{5D4621D2-18E3-0995-CF6C-DD5FCBC6BAB6} = {9130DE36-C8E7-253F-F380-218962E462D9}
		{1828CBE1-5AE8-B227-E1F2-82B736DB5460} = {9130DE36-C8E7-253F-F380-218962E462D9}
		{9ED4EAA8-2BFE-FA15-D075-E4DDF3D1E8B9} = {9130DE36-C8E7-253F-F380-218962E462D9}
		{BB4CFCEB-CF6D-4A50-6D2A-51E96419C3C6} = {9130DE36-C8E7-253F-F380-218962E462D9}
		{69570F50-0037-5AE4-9A79-965B751C6E3A} = {9130DE36-C8E7-253F-F380-218962E462D9}
		{BE50DE72-8C95-6F41-49C7-DF5EC0BE2853} = {2F4361B4-3AD6-FBAD-85C3-977E24FC7DCE}
		{D1F884E8-ABBA-E99A-9F16-7D7F64BF9CB5} = {2F4361B4-3AD6-FBAD-85C3-977E24FC7DCE}
		{AD4DE2D0-3966-6DB4-BBE7-3A9E7F380F8D} = {2F4361B4-3AD6-FBAD-85C3-977E24FC7DCE}
		{39375F77-2A24-EB8F-ADE2-933019B8F33B} = {2F4361B4-3AD6-FBAD-85C3-977E24FC7DCE}
		{EB4BD3C8-174E-B1FC-827D-F5E218EEBA05} = {2F4361B4-3AD6-FBAD-85C3-977E24FC7DCE}
	EndGlobalSection
	GlobalSection(ExtensibilityGlobals) = postSolution
		SolutionGuid = {C2985FFC-1732-4AAE-8982-66F17CE560A5}
	EndGlobalSection
EndGlobal
