
Microsoft Visual Studio Solution File, Format Version 12.00
# Visual Studio Version 16
VisualStudioVersion = 16.0.30804.86
MinimumVisualStudioVersion = 10.0.40219.1
Project("{2150E333-8FDC-42A3-9474-1A3956D46DE8}") = "CodeBehind", "CodeBehind", "{21D36955-95DF-189F-F462-3EA64FE19AA5}"
EndProject
Project("{2150E333-8FDC-42A3-9474-1A3956D46DE8}") = "ViewModel", "ViewModel", "{6F543814-7740-FC98-73A5-CC0A913546B8}"
EndProject
Project("{2150E333-8FDC-42A3-9474-1A3956D46DE8}") = "EntityFramework", "EntityFramework", "{E304686B-213A-3A36-A534-4EE68562656A}"
EndProject
Project("{2150E333-8FDC-42A3-9474-1A3956D46DE8}") = "EFCore", "EFCore", "{183ED980-C32E-C675-E55D-281EBAB34CB4}"
EndProject
Project("{2150E333-8FDC-42A3-9474-1A3956D46DE8}") = "XPO", "XPO", "{BA298011-020E-89D7-9A29-3E4378A90301}"
EndProject
Project("{2150E333-8FDC-42A3-9474-1A3956D46DE8}") = "EntityFramework", "EntityFramework", "{9130DE36-C8E7-253F-F380-218962E462D9}"
EndProject
Project("{2150E333-8FDC-42A3-9474-1A3956D46DE8}") = "EFCore", "EFCore", "{8E928C27-5585-9913-8FA6-24A164DF3179}"
EndProject
Project("{2150E333-8FDC-42A3-9474-1A3956D46DE8}") = "XPO", "XPO", "{2F4361B4-3AD6-FBAD-85C3-977E24FC7DCE}"
EndProject
Project("{FAE04EC0-301F-11D3-BF4B-00C04F79EFBC}") = "InfiniteAsyncSource", "CS\CodeBehind\EFCore\InfiniteAsyncSource\InfiniteAsyncSource.csproj", "{E2F98792-F89F-12E4-A38A-3C0E1249C323}"
EndProject
Project("{FAE04EC0-301F-11D3-BF4B-00C04F79EFBC}") = "InstantFeedbackMode", "CS\CodeBehind\EFCore\InstantFeedbackMode\InstantFeedbackMode.csproj", "{4766131B-1BBD-9A6E-854C-454FF08AFD19}"
EndProject
Project("{FAE04EC0-301F-11D3-BF4B-00C04F79EFBC}") = "LocalData", "CS\CodeBehind\EFCore\LocalData\LocalData.csproj", "{1FA4E1F0-235C-3E38-6825-70290DE6DCA8}"
EndProject
Project("{FAE04EC0-301F-11D3-BF4B-00C04F79EFBC}") = "PagedAsyncSource", "CS\CodeBehind\EFCore\PagedAsyncSource\PagedAsyncSource.csproj", "{4F981E88-0F79-E255-FF9A-BF0104D3D2A3}"
EndProject
Project("{FAE04EC0-301F-11D3-BF4B-00C04F79EFBC}") = "ServerMode", "CS\CodeBehind\EFCore\ServerMode\ServerMode.csproj", "{F0428330-F706-1E3D-D93C-524D81827F58}"
EndProject
Project("{FAE04EC0-301F-11D3-BF4B-00C04F79EFBC}") = "InfiniteAsyncSource", "CS\CodeBehind\EntityFramework\InfiniteAsyncSource\InfiniteAsyncSource.csproj", "{93445262-1A3D-2854-A11B-0EFA4241AE1E}"
EndProject
Project("{FAE04EC0-301F-11D3-BF4B-00C04F79EFBC}") = "InstantFeedbackMode", "CS\CodeBehind\EntityFramework\InstantFeedbackMode\InstantFeedbackMode.csproj", "{BDA3AC53-8BFD-5CF9-8D5C-4FA1796CADF9}"
EndProject
Project("{FAE04EC0-301F-11D3-BF4B-00C04F79EFBC}") = "LocalData", "CS\CodeBehind\EntityFramework\LocalData\LocalData.csproj", "{16E64DEF-CCCE-CEE9-67EF-F5EED585972E}"
EndProject
Project("{FAE04EC0-301F-11D3-BF4B-00C04F79EFBC}") = "PagedAsyncSource", "CS\CodeBehind\EntityFramework\PagedAsyncSource\PagedAsyncSource.csproj", "{6705CE6A-892C-A1E0-4AEA-6C0127824F7B}"
EndProject
Project("{FAE04EC0-301F-11D3-BF4B-00C04F79EFBC}") = "ServerMode", "CS\CodeBehind\EntityFramework\ServerMode\ServerMode.csproj", "{8183DD73-BE27-73A3-C011-3B6ADF200BD0}"
EndProject
Project("{FAE04EC0-301F-11D3-BF4B-00C04F79EFBC}") = "InfiniteAsyncSource", "CS\CodeBehind\XPO\InfiniteAsyncSource\InfiniteAsyncSource.csproj", "{DD974C22-2BE1-98A7-9A76-6BBE6627A3EE}"
EndProject
Project("{FAE04EC0-301F-11D3-BF4B-00C04F79EFBC}") = "InstantFeedbackMode", "CS\CodeBehind\XPO\InstantFeedbackMode\InstantFeedbackMode.csproj", "{F838A311-4C7C-0585-F9CB-A42A7EB3A240}"
EndProject
Project("{FAE04EC0-301F-11D3-BF4B-00C04F79EFBC}") = "LocalData", "CS\CodeBehind\XPO\LocalData\LocalData.csproj", "{61B90071-158D-9EFA-22CF-182F8C1F0437}"
EndProject
Project("{FAE04EC0-301F-11D3-BF4B-00C04F79EFBC}") = "PagedAsyncSource", "CS\CodeBehind\XPO\PagedAsyncSource\PagedAsyncSource.csproj", "{FBEE0BFA-B50E-A588-B9E5-470CAA43F587}"
EndProject
Project("{FAE04EC0-301F-11D3-BF4B-00C04F79EFBC}") = "ServerMode", "CS\CodeBehind\XPO\ServerMode\ServerMode.csproj", "{BC49FF78-1289-42D4-D4CE-4C9E490F47B7}"
EndProject
Project("{FAE04EC0-301F-11D3-BF4B-00C04F79EFBC}") = "InfiniteAsyncSource", "CS\ViewModel\EFCore\InfiniteAsyncSource\InfiniteAsyncSource.csproj", "{69D5502E-7323-0B7C-3C96-5324CC792F0D}"
EndProject
Project("{FAE04EC0-301F-11D3-BF4B-00C04F79EFBC}") = "InstantFeedbackMode", "CS\ViewModel\EFCore\InstantFeedbackMode\InstantFeedbackMode.csproj", "{9126EBC5-4BFF-1A8F-37B7-EECDC2D51170}"
EndProject
Project("{FAE04EC0-301F-11D3-BF4B-00C04F79EFBC}") = "LocalData", "CS\ViewModel\EFCore\LocalData\LocalData.csproj", "{937300C0-ACDF-2722-2392-104335A6BA2B}"
EndProject
Project("{FAE04EC0-301F-11D3-BF4B-00C04F79EFBC}") = "PagedAsyncSource", "CS\ViewModel\EFCore\PagedAsyncSource\PagedAsyncSource.csproj", "{9A21537E-2367-5126-0C5D-D538D829C2A6}"
EndProject
Project("{FAE04EC0-301F-11D3-BF4B-00C04F79EFBC}") = "ServerMode", "CS\ViewModel\EFCore\ServerMode\ServerMode.csproj", "{9CA0FE2C-1FDF-79E3-41A0-84C41D40014A}"
EndProject
Project("{FAE04EC0-301F-11D3-BF4B-00C04F79EFBC}") = "InfiniteAsyncSource", "CS\ViewModel\EntityFramework\InfiniteAsyncSource\InfiniteAsyncSource.csproj", "{49E4D6CE-41A3-CCD9-0B83-4565C3C8166D}"
EndProject
Project("{FAE04EC0-301F-11D3-BF4B-00C04F79EFBC}") = "InstantFeedbackMode", "CS\ViewModel\EntityFramework\InstantFeedbackMode\InstantFeedbackMode.csproj", "{D03D50F6-3092-F1C3-CA70-DA15F4E53C17}"
EndProject
Project("{FAE04EC0-301F-11D3-BF4B-00C04F79EFBC}") = "LocalData", "CS\ViewModel\EntityFramework\LocalData\LocalData.csproj", "{8F6D71F2-7740-04EF-6B6E-28F43528DE18}"
EndProject
Project("{FAE04EC0-301F-11D3-BF4B-00C04F79EFBC}") = "PagedAsyncSource", "CS\ViewModel\EntityFramework\PagedAsyncSource\PagedAsyncSource.csproj", "{8F9850FA-C929-F32D-3E22-99B28303DE35}"
EndProject
Project("{FAE04EC0-301F-11D3-BF4B-00C04F79EFBC}") = "ServerMode", "CS\ViewModel\EntityFramework\ServerMode\ServerMode.csproj", "{20576A69-8828-0FAC-EFDD-0EAF6CBADC73}"
EndProject
Project("{FAE04EC0-301F-11D3-BF4B-00C04F79EFBC}") = "InfiniteAsyncSource", "CS\ViewModel\XPO\InfiniteAsyncSource\InfiniteAsyncSource.csproj", "{015645C9-3D81-9C99-3A36-0E4F64A0800C}"
EndProject
Project("{FAE04EC0-301F-11D3-BF4B-00C04F79EFBC}") = "InstantFeedbackMode", "CS\ViewModel\XPO\InstantFeedbackMode\InstantFeedbackMode.csproj", "{F0D7DFA3-26D4-01DB-D381-45108A9B6E85}"
EndProject
Project("{FAE04EC0-301F-11D3-BF4B-00C04F79EFBC}") = "LocalData", "CS\ViewModel\XPO\LocalData\LocalData.csproj", "{27FB5141-B4A4-D8E8-69C7-CB31AC7F4E64}"
EndProject
Project("{FAE04EC0-301F-11D3-BF4B-00C04F79EFBC}") = "PagedAsyncSource", "CS\ViewModel\XPO\PagedAsyncSource\PagedAsyncSource.csproj", "{BE907B24-25A7-4C0B-5C44-96FBB557F0A9}"
EndProject
Project("{FAE04EC0-301F-11D3-BF4B-00C04F79EFBC}") = "ServerMode", "CS\ViewModel\XPO\ServerMode\ServerMode.csproj", "{C69EDEFB-C005-4730-8A79-E06747CFF979}"
EndProject
Global
	GlobalSection(SolutionConfigurationPlatforms) = preSolution
		Debug|Any CPU = Debug|Any CPU
		Release|Any CPU = Release|Any CPU
	EndGlobalSection
	GlobalSection(ProjectConfigurationPlatforms) = postSolution
		{E2F98792-F89F-12E4-A38A-3C0E1249C323}.Debug|Any CPU.ActiveCfg = Debug|Any CPU
		{E2F98792-F89F-12E4-A38A-3C0E1249C323}.Debug|Any CPU.Build.0 = Debug|Any CPU
		{E2F98792-F89F-12E4-A38A-3C0E1249C323}.Release|Any CPU.ActiveCfg = Release|Any CPU
		{E2F98792-F89F-12E4-A38A-3C0E1249C323}.Release|Any CPU.Build.0 = Release|Any CPU
		{4766131B-1BBD-9A6E-854C-454FF08AFD19}.Debug|Any CPU.ActiveCfg = Debug|Any CPU
		{4766131B-1BBD-9A6E-854C-454FF08AFD19}.Debug|Any CPU.Build.0 = Debug|Any CPU
		{4766131B-1BBD-9A6E-854C-454FF08AFD19}.Release|Any CPU.ActiveCfg = Release|Any CPU
		{4766131B-1BBD-9A6E-854C-454FF08AFD19}.Release|Any CPU.Build.0 = Release|Any CPU
		{1FA4E1F0-235C-3E38-6825-70290DE6DCA8}.Debug|Any CPU.ActiveCfg = Debug|Any CPU
		{1FA4E1F0-235C-3E38-6825-70290DE6DCA8}.Debug|Any CPU.Build.0 = Debug|Any CPU
		{1FA4E1F0-235C-3E38-6825-70290DE6DCA8}.Release|Any CPU.ActiveCfg = Release|Any CPU
		{1FA4E1F0-235C-3E38-6825-70290DE6DCA8}.Release|Any CPU.Build.0 = Release|Any CPU
		{4F981E88-0F79-E255-FF9A-BF0104D3D2A3}.Debug|Any CPU.ActiveCfg = Debug|Any CPU
		{4F981E88-0F79-E255-FF9A-BF0104D3D2A3}.Debug|Any CPU.Build.0 = Debug|Any CPU
		{4F981E88-0F79-E255-FF9A-BF0104D3D2A3}.Release|Any CPU.ActiveCfg = Release|Any CPU
		{4F981E88-0F79-E255-FF9A-BF0104D3D2A3}.Release|Any CPU.Build.0 = Release|Any CPU
		{F0428330-F706-1E3D-D93C-524D81827F58}.Debug|Any CPU.ActiveCfg = Debug|Any CPU
		{F0428330-F706-1E3D-D93C-524D81827F58}.Debug|Any CPU.Build.0 = Debug|Any CPU
		{F0428330-F706-1E3D-D93C-524D81827F58}.Release|Any CPU.ActiveCfg = Release|Any CPU
		{F0428330-F706-1E3D-D93C-524D81827F58}.Release|Any CPU.Build.0 = Release|Any CPU
		{93445262-1A3D-2854-A11B-0EFA4241AE1E}.Debug|Any CPU.ActiveCfg = Debug|Any CPU
		{93445262-1A3D-2854-A11B-0EFA4241AE1E}.Debug|Any CPU.Build.0 = Debug|Any CPU
		{93445262-1A3D-2854-A11B-0EFA4241AE1E}.Release|Any CPU.ActiveCfg = Release|Any CPU
		{93445262-1A3D-2854-A11B-0EFA4241AE1E}.Release|Any CPU.Build.0 = Release|Any CPU
		{BDA3AC53-8BFD-5CF9-8D5C-4FA1796CADF9}.Debug|Any CPU.ActiveCfg = Debug|Any CPU
		{BDA3AC53-8BFD-5CF9-8D5C-4FA1796CADF9}.Debug|Any CPU.Build.0 = Debug|Any CPU
		{BDA3AC53-8BFD-5CF9-8D5C-4FA1796CADF9}.Release|Any CPU.ActiveCfg = Release|Any CPU
		{BDA3AC53-8BFD-5CF9-8D5C-4FA1796CADF9}.Release|Any CPU.Build.0 = Release|Any CPU
		{16E64DEF-CCCE-CEE9-67EF-F5EED585972E}.Debug|Any CPU.ActiveCfg = Debug|Any CPU
		{16E64DEF-CCCE-CEE9-67EF-F5EED585972E}.Debug|Any CPU.Build.0 = Debug|Any CPU
		{16E64DEF-CCCE-CEE9-67EF-F5EED585972E}.Release|Any CPU.ActiveCfg = Release|Any CPU
		{16E64DEF-CCCE-CEE9-67EF-F5EED585972E}.Release|Any CPU.Build.0 = Release|Any CPU
		{6705CE6A-892C-A1E0-4AEA-6C0127824F7B}.Debug|Any CPU.ActiveCfg = Debug|Any CPU
		{6705CE6A-892C-A1E0-4AEA-6C0127824F7B}.Debug|Any CPU.Build.0 = Debug|Any CPU
		{6705CE6A-892C-A1E0-4AEA-6C0127824F7B}.Release|Any CPU.ActiveCfg = Release|Any CPU
		{6705CE6A-892C-A1E0-4AEA-6C0127824F7B}.Release|Any CPU.Build.0 = Release|Any CPU
		{8183DD73-BE27-73A3-C011-3B6ADF200BD0}.Debug|Any CPU.ActiveCfg = Debug|Any CPU
		{8183DD73-BE27-73A3-C011-3B6ADF200BD0}.Debug|Any CPU.Build.0 = Debug|Any CPU
		{8183DD73-BE27-73A3-C011-3B6ADF200BD0}.Release|Any CPU.ActiveCfg = Release|Any CPU
		{8183DD73-BE27-73A3-C011-3B6ADF200BD0}.Release|Any CPU.Build.0 = Release|Any CPU
		{DD974C22-2BE1-98A7-9A76-6BBE6627A3EE}.Debug|Any CPU.ActiveCfg = Debug|Any CPU
		{DD974C22-2BE1-98A7-9A76-6BBE6627A3EE}.Debug|Any CPU.Build.0 = Debug|Any CPU
		{DD974C22-2BE1-98A7-9A76-6BBE6627A3EE}.Release|Any CPU.ActiveCfg = Release|Any CPU
		{DD974C22-2BE1-98A7-9A76-6BBE6627A3EE}.Release|Any CPU.Build.0 = Release|Any CPU
		{F838A311-4C7C-0585-F9CB-A42A7EB3A240}.Debug|Any CPU.ActiveCfg = Debug|Any CPU
		{F838A311-4C7C-0585-F9CB-A42A7EB3A240}.Debug|Any CPU.Build.0 = Debug|Any CPU
		{F838A311-4C7C-0585-F9CB-A42A7EB3A240}.Release|Any CPU.ActiveCfg = Release|Any CPU
		{F838A311-4C7C-0585-F9CB-A42A7EB3A240}.Release|Any CPU.Build.0 = Release|Any CPU
		{61B90071-158D-9EFA-22CF-182F8C1F0437}.Debug|Any CPU.ActiveCfg = Debug|Any CPU
		{61B90071-158D-9EFA-22CF-182F8C1F0437}.Debug|Any CPU.Build.0 = Debug|Any CPU
		{61B90071-158D-9EFA-22CF-182F8C1F0437}.Release|Any CPU.ActiveCfg = Release|Any CPU
		{61B90071-158D-9EFA-22CF-182F8C1F0437}.Release|Any CPU.Build.0 = Release|Any CPU
		{FBEE0BFA-B50E-A588-B9E5-470CAA43F587}.Debug|Any CPU.ActiveCfg = Debug|Any CPU
		{FBEE0BFA-B50E-A588-B9E5-470CAA43F587}.Debug|Any CPU.Build.0 = Debug|Any CPU
		{FBEE0BFA-B50E-A588-B9E5-470CAA43F587}.Release|Any CPU.ActiveCfg = Release|Any CPU
		{FBEE0BFA-B50E-A588-B9E5-470CAA43F587}.Release|Any CPU.Build.0 = Release|Any CPU
		{BC49FF78-1289-42D4-D4CE-4C9E490F47B7}.Debug|Any CPU.ActiveCfg = Debug|Any CPU
		{BC49FF78-1289-42D4-D4CE-4C9E490F47B7}.Debug|Any CPU.Build.0 = Debug|Any CPU
		{BC49FF78-1289-42D4-D4CE-4C9E490F47B7}.Release|Any CPU.ActiveCfg = Release|Any CPU
		{BC49FF78-1289-42D4-D4CE-4C9E490F47B7}.Release|Any CPU.Build.0 = Release|Any CPU
		{69D5502E-7323-0B7C-3C96-5324CC792F0D}.Debug|Any CPU.ActiveCfg = Debug|Any CPU
		{69D5502E-7323-0B7C-3C96-5324CC792F0D}.Debug|Any CPU.Build.0 = Debug|Any CPU
		{69D5502E-7323-0B7C-3C96-5324CC792F0D}.Release|Any CPU.ActiveCfg = Release|Any CPU
		{69D5502E-7323-0B7C-3C96-5324CC792F0D}.Release|Any CPU.Build.0 = Release|Any CPU
		{9126EBC5-4BFF-1A8F-37B7-EECDC2D51170}.Debug|Any CPU.ActiveCfg = Debug|Any CPU
		{9126EBC5-4BFF-1A8F-37B7-EECDC2D51170}.Debug|Any CPU.Build.0 = Debug|Any CPU
		{9126EBC5-4BFF-1A8F-37B7-EECDC2D51170}.Release|Any CPU.ActiveCfg = Release|Any CPU
		{9126EBC5-4BFF-1A8F-37B7-EECDC2D51170}.Release|Any CPU.Build.0 = Release|Any CPU
		{937300C0-ACDF-2722-2392-104335A6BA2B}.Debug|Any CPU.ActiveCfg = Debug|Any CPU
		{937300C0-ACDF-2722-2392-104335A6BA2B}.Debug|Any CPU.Build.0 = Debug|Any CPU
		{937300C0-ACDF-2722-2392-104335A6BA2B}.Release|Any CPU.ActiveCfg = Release|Any CPU
		{937300C0-ACDF-2722-2392-104335A6BA2B}.Release|Any CPU.Build.0 = Release|Any CPU
		{9A21537E-2367-5126-0C5D-D538D829C2A6}.Debug|Any CPU.ActiveCfg = Debug|Any CPU
		{9A21537E-2367-5126-0C5D-D538D829C2A6}.Debug|Any CPU.Build.0 = Debug|Any CPU
		{9A21537E-2367-5126-0C5D-D538D829C2A6}.Release|Any CPU.ActiveCfg = Release|Any CPU
		{9A21537E-2367-5126-0C5D-D538D829C2A6}.Release|Any CPU.Build.0 = Release|Any CPU
		{9CA0FE2C-1FDF-79E3-41A0-84C41D40014A}.Debug|Any CPU.ActiveCfg = Debug|Any CPU
		{9CA0FE2C-1FDF-79E3-41A0-84C41D40014A}.Debug|Any CPU.Build.0 = Debug|Any CPU
		{9CA0FE2C-1FDF-79E3-41A0-84C41D40014A}.Release|Any CPU.ActiveCfg = Release|Any CPU
		{9CA0FE2C-1FDF-79E3-41A0-84C41D40014A}.Release|Any CPU.Build.0 = Release|Any CPU
		{49E4D6CE-41A3-CCD9-0B83-4565C3C8166D}.Debug|Any CPU.ActiveCfg = Debug|Any CPU
		{49E4D6CE-41A3-CCD9-0B83-4565C3C8166D}.Debug|Any CPU.Build.0 = Debug|Any CPU
		{49E4D6CE-41A3-CCD9-0B83-4565C3C8166D}.Release|Any CPU.ActiveCfg = Release|Any CPU
		{49E4D6CE-41A3-CCD9-0B83-4565C3C8166D}.Release|Any CPU.Build.0 = Release|Any CPU
		{D03D50F6-3092-F1C3-CA70-DA15F4E53C17}.Debug|Any CPU.ActiveCfg = Debug|Any CPU
		{D03D50F6-3092-F1C3-CA70-DA15F4E53C17}.Debug|Any CPU.Build.0 = Debug|Any CPU
		{D03D50F6-3092-F1C3-CA70-DA15F4E53C17}.Release|Any CPU.ActiveCfg = Release|Any CPU
		{D03D50F6-3092-F1C3-CA70-DA15F4E53C17}.Release|Any CPU.Build.0 = Release|Any CPU
		{8F6D71F2-7740-04EF-6B6E-28F43528DE18}.Debug|Any CPU.ActiveCfg = Debug|Any CPU
		{8F6D71F2-7740-04EF-6B6E-28F43528DE18}.Debug|Any CPU.Build.0 = Debug|Any CPU
		{8F6D71F2-7740-04EF-6B6E-28F43528DE18}.Release|Any CPU.ActiveCfg = Release|Any CPU
		{8F6D71F2-7740-04EF-6B6E-28F43528DE18}.Release|Any CPU.Build.0 = Release|Any CPU
		{8F9850FA-C929-F32D-3E22-99B28303DE35}.Debug|Any CPU.ActiveCfg = Debug|Any CPU
		{8F9850FA-C929-F32D-3E22-99B28303DE35}.Debug|Any CPU.Build.0 = Debug|Any CPU
		{8F9850FA-C929-F32D-3E22-99B28303DE35}.Release|Any CPU.ActiveCfg = Release|Any CPU
		{8F9850FA-C929-F32D-3E22-99B28303DE35}.Release|Any CPU.Build.0 = Release|Any CPU
		{20576A69-8828-0FAC-EFDD-0EAF6CBADC73}.Debug|Any CPU.ActiveCfg = Debug|Any CPU
		{20576A69-8828-0FAC-EFDD-0EAF6CBADC73}.Debug|Any CPU.Build.0 = Debug|Any CPU
		{20576A69-8828-0FAC-EFDD-0EAF6CBADC73}.Release|Any CPU.ActiveCfg = Release|Any CPU
		{20576A69-8828-0FAC-EFDD-0EAF6CBADC73}.Release|Any CPU.Build.0 = Release|Any CPU
		{015645C9-3D81-9C99-3A36-0E4F64A0800C}.Debug|Any CPU.ActiveCfg = Debug|Any CPU
		{015645C9-3D81-9C99-3A36-0E4F64A0800C}.Debug|Any CPU.Build.0 = Debug|Any CPU
		{015645C9-3D81-9C99-3A36-0E4F64A0800C}.Release|Any CPU.ActiveCfg = Release|Any CPU
		{015645C9-3D81-9C99-3A36-0E4F64A0800C}.Release|Any CPU.Build.0 = Release|Any CPU
		{F0D7DFA3-26D4-01DB-D381-45108A9B6E85}.Debug|Any CPU.ActiveCfg = Debug|Any CPU
		{F0D7DFA3-26D4-01DB-D381-45108A9B6E85}.Debug|Any CPU.Build.0 = Debug|Any CPU
		{F0D7DFA3-26D4-01DB-D381-45108A9B6E85}.Release|Any CPU.ActiveCfg = Release|Any CPU
		{F0D7DFA3-26D4-01DB-D381-45108A9B6E85}.Release|Any CPU.Build.0 = Release|Any CPU
		{27FB5141-B4A4-D8E8-69C7-CB31AC7F4E64}.Debug|Any CPU.ActiveCfg = Debug|Any CPU
		{27FB5141-B4A4-D8E8-69C7-CB31AC7F4E64}.Debug|Any CPU.Build.0 = Debug|Any CPU
		{27FB5141-B4A4-D8E8-69C7-CB31AC7F4E64}.Release|Any CPU.ActiveCfg = Release|Any CPU
		{27FB5141-B4A4-D8E8-69C7-CB31AC7F4E64}.Release|Any CPU.Build.0 = Release|Any CPU
		{BE907B24-25A7-4C0B-5C44-96FBB557F0A9}.Debug|Any CPU.ActiveCfg = Debug|Any CPU
		{BE907B24-25A7-4C0B-5C44-96FBB557F0A9}.Debug|Any CPU.Build.0 = Debug|Any CPU
		{BE907B24-25A7-4C0B-5C44-96FBB557F0A9}.Release|Any CPU.ActiveCfg = Release|Any CPU
		{BE907B24-25A7-4C0B-5C44-96FBB557F0A9}.Release|Any CPU.Build.0 = Release|Any CPU
		{C69EDEFB-C005-4730-8A79-E06747CFF979}.Debug|Any CPU.ActiveCfg = Debug|Any CPU
		{C69EDEFB-C005-4730-8A79-E06747CFF979}.Debug|Any CPU.Build.0 = Debug|Any CPU
		{C69EDEFB-C005-4730-8A79-E06747CFF979}.Release|Any CPU.ActiveCfg = Release|Any CPU
		{C69EDEFB-C005-4730-8A79-E06747CFF979}.Release|Any CPU.Build.0 = Release|Any CPU
	EndGlobalSection
	GlobalSection(SolutionProperties) = preSolution
		HideSolutionNode = FALSE
	EndGlobalSection
	GlobalSection(NestedProjects) = preSolution
		{E304686B-213A-3A36-A534-4EE68562656A} = {21D36955-95DF-189F-F462-3EA64FE19AA5}
		{183ED980-C32E-C675-E55D-281EBAB34CB4} = {21D36955-95DF-189F-F462-3EA64FE19AA5}
		{BA298011-020E-89D7-9A29-3E4378A90301} = {21D36955-95DF-189F-F462-3EA64FE19AA5}
		{9130DE36-C8E7-253F-F380-218962E462D9} = {6F543814-7740-FC98-73A5-CC0A913546B8}
		{8E928C27-5585-9913-8FA6-24A164DF3179} = {6F543814-7740-FC98-73A5-CC0A913546B8}
		{2F4361B4-3AD6-FBAD-85C3-977E24FC7DCE} = {6F543814-7740-FC98-73A5-CC0A913546B8}
		{E2F98792-F89F-12E4-A38A-3C0E1249C323} = {183ED980-C32E-C675-E55D-281EBAB34CB4}
		{4766131B-1BBD-9A6E-854C-454FF08AFD19} = {183ED980-C32E-C675-E55D-281EBAB34CB4}
		{1FA4E1F0-235C-3E38-6825-70290DE6DCA8} = {183ED980-C32E-C675-E55D-281EBAB34CB4}
		{4F981E88-0F79-E255-FF9A-BF0104D3D2A3} = {183ED980-C32E-C675-E55D-281EBAB34CB4}
		{F0428330-F706-1E3D-D93C-524D81827F58} = {183ED980-C32E-C675-E55D-281EBAB34CB4}
		{93445262-1A3D-2854-A11B-0EFA4241AE1E} = {E304686B-213A-3A36-A534-4EE68562656A}
		{BDA3AC53-8BFD-5CF9-8D5C-4FA1796CADF9} = {E304686B-213A-3A36-A534-4EE68562656A}
		{16E64DEF-CCCE-CEE9-67EF-F5EED585972E} = {E304686B-213A-3A36-A534-4EE68562656A}
		{6705CE6A-892C-A1E0-4AEA-6C0127824F7B} = {E304686B-213A-3A36-A534-4EE68562656A}
		{8183DD73-BE27-73A3-C011-3B6ADF200BD0} = {E304686B-213A-3A36-A534-4EE68562656A}
		{DD974C22-2BE1-98A7-9A76-6BBE6627A3EE} = {BA298011-020E-89D7-9A29-3E4378A90301}
		{F838A311-4C7C-0585-F9CB-A42A7EB3A240} = {BA298011-020E-89D7-9A29-3E4378A90301}
		{61B90071-158D-9EFA-22CF-182F8C1F0437} = {BA298011-020E-89D7-9A29-3E4378A90301}
		{FBEE0BFA-B50E-A588-B9E5-470CAA43F587} = {BA298011-020E-89D7-9A29-3E4378A90301}
		{BC49FF78-1289-42D4-D4CE-4C9E490F47B7} = {BA298011-020E-89D7-9A29-3E4378A90301}
		{69D5502E-7323-0B7C-3C96-5324CC792F0D} = {8E928C27-5585-9913-8FA6-24A164DF3179}
		{9126EBC5-4BFF-1A8F-37B7-EECDC2D51170} = {8E928C27-5585-9913-8FA6-24A164DF3179}
		{937300C0-ACDF-2722-2392-104335A6BA2B} = {8E928C27-5585-9913-8FA6-24A164DF3179}
		{9A21537E-2367-5126-0C5D-D538D829C2A6} = {8E928C27-5585-9913-8FA6-24A164DF3179}
		{9CA0FE2C-1FDF-79E3-41A0-84C41D40014A} = {8E928C27-5585-9913-8FA6-24A164DF3179}
		{49E4D6CE-41A3-CCD9-0B83-4565C3C8166D} = {9130DE36-C8E7-253F-F380-218962E462D9}
		{D03D50F6-3092-F1C3-CA70-DA15F4E53C17} = {9130DE36-C8E7-253F-F380-218962E462D9}
		{8F6D71F2-7740-04EF-6B6E-28F43528DE18} = {9130DE36-C8E7-253F-F380-218962E462D9}
		{8F9850FA-C929-F32D-3E22-99B28303DE35} = {9130DE36-C8E7-253F-F380-218962E462D9}
		{20576A69-8828-0FAC-EFDD-0EAF6CBADC73} = {9130DE36-C8E7-253F-F380-218962E462D9}
		{015645C9-3D81-9C99-3A36-0E4F64A0800C} = {2F4361B4-3AD6-FBAD-85C3-977E24FC7DCE}
		{F0D7DFA3-26D4-01DB-D381-45108A9B6E85} = {2F4361B4-3AD6-FBAD-85C3-977E24FC7DCE}
		{27FB5141-B4A4-D8E8-69C7-CB31AC7F4E64} = {2F4361B4-3AD6-FBAD-85C3-977E24FC7DCE}
		{BE907B24-25A7-4C0B-5C44-96FBB557F0A9} = {2F4361B4-3AD6-FBAD-85C3-977E24FC7DCE}
		{C69EDEFB-C005-4730-8A79-E06747CFF979} = {2F4361B4-3AD6-FBAD-85C3-977E24FC7DCE}
	EndGlobalSection
	GlobalSection(ExtensibilityGlobals) = postSolution
		SolutionGuid = {C2985FFC-1732-4AAE-8982-66F17CE560A5}
	EndGlobalSection
EndGlobal
