
Microsoft Visual Studio Solution File, Format Version 12.00
# Visual Studio Version 16
VisualStudioVersion = 16.0.30804.86
MinimumVisualStudioVersion = 10.0.40219.1
Project("{2150E333-8FDC-42A3-9474-1A3956D46DE8}") = "CodeBehind", "CodeBehind", "{21D36955-95DF-189F-F462-3EA64FE19AA5}"
EndProject
Project("{2150E333-8FDC-42A3-9474-1A3956D46DE8}") = "ViewModel", "ViewModel", "{6F543814-7740-FC98-73A5-CC0A913546B8}"
EndProject
Project("{2150E333-8FDC-42A3-9474-1A3956D46DE8}") = "EFCore", "EFCore", "{183ED980-C32E-C675-E55D-281EBAB34CB4}"
EndProject
Project("{2150E333-8FDC-42A3-9474-1A3956D46DE8}") = "EntityFramework", "EntityFramework", "{E304686B-213A-3A36-A534-4EE68562656A}"
EndProject
Project("{2150E333-8FDC-42A3-9474-1A3956D46DE8}") = "XPO", "XPO", "{BA298011-020E-89D7-9A29-3E4378A90301}"
EndProject
Project("{2150E333-8FDC-42A3-9474-1A3956D46DE8}") = "EFCore", "EFCore", "{8E928C27-5585-9913-8FA6-24A164DF3179}"
EndProject
Project("{2150E333-8FDC-42A3-9474-1A3956D46DE8}") = "EntityFramework", "EntityFramework", "{9130DE36-C8E7-253F-F380-218962E462D9}"
EndProject
Project("{2150E333-8FDC-42A3-9474-1A3956D46DE8}") = "XPO", "XPO", "{2F4361B4-3AD6-FBAD-85C3-977E24FC7DCE}"
EndProject
Project("{F184B08F-C81C-45F6-A57F-5ABD9991F28F}") = "InfiniteAsyncSource", "VB\CodeBehind\EFCore\InfiniteAsyncSource\InfiniteAsyncSource.vbproj", "{0089A0CA-AC88-19E4-2BD8-BB7D90735464}"
EndProject
Project("{F184B08F-C81C-45F6-A57F-5ABD9991F28F}") = "InstantFeedbackMode", "VB\CodeBehind\EFCore\InstantFeedbackMode\InstantFeedbackMode.vbproj", "{B0FFA88F-66BA-2F44-85B1-0C5042B5D25D}"
EndProject
Project("{F184B08F-C81C-45F6-A57F-5ABD9991F28F}") = "LocalData", "VB\CodeBehind\EFCore\LocalData\LocalData.vbproj", "{80689823-37F2-0428-7C6D-C5970C0D5598}"
EndProject
Project("{F184B08F-C81C-45F6-A57F-5ABD9991F28F}") = "PagedAsyncSource", "VB\CodeBehind\EFCore\PagedAsyncSource\PagedAsyncSource.vbproj", "{0049D8CE-A4CB-F912-693F-B70C664F2693}"
EndProject
Project("{F184B08F-C81C-45F6-A57F-5ABD9991F28F}") = "ServerMode", "VB\CodeBehind\EFCore\ServerMode\ServerMode.vbproj", "{3B8244DB-CEC1-A89C-F3DF-C8863F9A85A6}"
EndProject
Project("{F184B08F-C81C-45F6-A57F-5ABD9991F28F}") = "InfiniteAsyncSource", "VB\CodeBehind\EntityFramework\InfiniteAsyncSource\InfiniteAsyncSource.vbproj", "{29B4DDAC-D148-6F75-90FE-68E6E83A050C}"
EndProject
Project("{F184B08F-C81C-45F6-A57F-5ABD9991F28F}") = "InstantFeedbackMode", "VB\CodeBehind\EntityFramework\InstantFeedbackMode\InstantFeedbackMode.vbproj", "{845B07D3-9CC7-F2FE-1768-CBC854171CA0}"
EndProject
Project("{F184B08F-C81C-45F6-A57F-5ABD9991F28F}") = "LocalData", "VB\CodeBehind\EntityFramework\LocalData\LocalData.vbproj", "{7A0D7FB0-66F6-A6DB-D000-7A643A528B7E}"
EndProject
Project("{F184B08F-C81C-45F6-A57F-5ABD9991F28F}") = "PagedAsyncSource", "VB\CodeBehind\EntityFramework\PagedAsyncSource\PagedAsyncSource.vbproj", "{19E3E7D5-6B5C-9757-7B75-7289C67FCE28}"
EndProject
Project("{F184B08F-C81C-45F6-A57F-5ABD9991F28F}") = "ServerMode", "VB\CodeBehind\EntityFramework\ServerMode\ServerMode.vbproj", "{20D110B6-2560-E308-511A-E5F5CA35377B}"
EndProject
Project("{F184B08F-C81C-45F6-A57F-5ABD9991F28F}") = "InfiniteAsyncSource", "VB\CodeBehind\XPO\InfiniteAsyncSource\InfiniteAsyncSource.vbproj", "{919A8F55-6285-C5FD-CD51-534EA5350940}"
EndProject
Project("{F184B08F-C81C-45F6-A57F-5ABD9991F28F}") = "InstantFeedbackMode", "VB\CodeBehind\XPO\InstantFeedbackMode\InstantFeedbackMode.vbproj", "{BF0C87D4-A9D6-ADF4-73D2-AE743BEB60F8}"
EndProject
Project("{F184B08F-C81C-45F6-A57F-5ABD9991F28F}") = "LocalData", "VB\CodeBehind\XPO\LocalData\LocalData.vbproj", "{7302E077-B8E3-68AD-9C83-6337FDF1F11A}"
EndProject
Project("{F184B08F-C81C-45F6-A57F-5ABD9991F28F}") = "PagedAsyncSource", "VB\CodeBehind\XPO\PagedAsyncSource\PagedAsyncSource.vbproj", "{C88882DE-2E8B-2E37-0845-A786892E7047}"
EndProject
Project("{F184B08F-C81C-45F6-A57F-5ABD9991F28F}") = "ServerMode", "VB\CodeBehind\XPO\ServerMode\ServerMode.vbproj", "{D4DA0029-B608-A5D3-3EE0-E291D6087315}"
EndProject
Project("{F184B08F-C81C-45F6-A57F-5ABD9991F28F}") = "InfiniteAsyncSource", "VB\ViewModel\EFCore\InfiniteAsyncSource\InfiniteAsyncSource.vbproj", "{8ED9334C-51BB-941E-5C1F-F3F9115164E4}"
EndProject
Project("{F184B08F-C81C-45F6-A57F-5ABD9991F28F}") = "InstantFeedbackMode", "VB\ViewModel\EFCore\InstantFeedbackMode\InstantFeedbackMode.vbproj", "{AD2F87FF-6346-5579-6280-4CBEE6BEA4C7}"
EndProject
Project("{F184B08F-C81C-45F6-A57F-5ABD9991F28F}") = "LocalData", "VB\ViewModel\EFCore\LocalData\LocalData.vbproj", "{74420ECC-B1B8-FA6C-EC62-20B884D4D217}"
EndProject
Project("{F184B08F-C81C-45F6-A57F-5ABD9991F28F}") = "PagedAsyncSource", "VB\ViewModel\EFCore\PagedAsyncSource\PagedAsyncSource.vbproj", "{16CF88F9-744B-1EA2-4281-E3742D8EB830}"
EndProject
Project("{F184B08F-C81C-45F6-A57F-5ABD9991F28F}") = "ServerMode", "VB\ViewModel\EFCore\ServerMode\ServerMode.vbproj", "{29E9B546-8B12-40D8-52CD-4C2FCBC6F8F2}"
EndProject
Project("{F184B08F-C81C-45F6-A57F-5ABD9991F28F}") = "InfiniteAsyncSource", "VB\ViewModel\EntityFramework\InfiniteAsyncSource\InfiniteAsyncSource.vbproj", "{EB22A2E1-9AF2-0AD9-494D-FA9A6150AA72}"
EndProject
Project("{F184B08F-C81C-45F6-A57F-5ABD9991F28F}") = "InstantFeedbackMode", "VB\ViewModel\EntityFramework\InstantFeedbackMode\InstantFeedbackMode.vbproj", "{FDC0A967-6B00-5C3E-0029-E5C0A9F58C3E}"
EndProject
Project("{F184B08F-C81C-45F6-A57F-5ABD9991F28F}") = "LocalData", "VB\ViewModel\EntityFramework\LocalData\LocalData.vbproj", "{F0EB0415-0D4F-FCB7-030B-8883A7F10872}"
EndProject
Project("{F184B08F-C81C-45F6-A57F-5ABD9991F28F}") = "PagedAsyncSource", "VB\ViewModel\EntityFramework\PagedAsyncSource\PagedAsyncSource.vbproj", "{A6BA4ACD-15F8-EBDA-5189-3844828C6E16}"
EndProject
Project("{F184B08F-C81C-45F6-A57F-5ABD9991F28F}") = "ServerMode", "VB\ViewModel\EntityFramework\ServerMode\ServerMode.vbproj", "{323E5160-059C-1925-E339-431AFC938ECE}"
EndProject
Project("{F184B08F-C81C-45F6-A57F-5ABD9991F28F}") = "InfiniteAsyncSource", "VB\ViewModel\XPO\InfiniteAsyncSource\InfiniteAsyncSource.vbproj", "{9DF40168-5E32-077F-14FF-B3C2605636AC}"
EndProject
Project("{F184B08F-C81C-45F6-A57F-5ABD9991F28F}") = "InstantFeedbackMode", "VB\ViewModel\XPO\InstantFeedbackMode\InstantFeedbackMode.vbproj", "{E30BF5AE-77E6-A85C-65EC-2AD10439999F}"
EndProject
Project("{F184B08F-C81C-45F6-A57F-5ABD9991F28F}") = "LocalData", "VB\ViewModel\XPO\LocalData\LocalData.vbproj", "{8754F56E-BD3D-57B8-E886-BA45C0F299A7}"
EndProject
Project("{F184B08F-C81C-45F6-A57F-5ABD9991F28F}") = "PagedAsyncSource", "VB\ViewModel\XPO\PagedAsyncSource\PagedAsyncSource.vbproj", "{BAAAEAC3-292E-F219-856F-B88232A3F182}"
EndProject
Project("{F184B08F-C81C-45F6-A57F-5ABD9991F28F}") = "ServerMode", "VB\ViewModel\XPO\ServerMode\ServerMode.vbproj", "{2DB8163B-57E8-E70E-18BF-6702B99C8D6A}"
EndProject
Global
	GlobalSection(SolutionConfigurationPlatforms) = preSolution
		Debug|Any CPU = Debug|Any CPU
		Release|Any CPU = Release|Any CPU
	EndGlobalSection
	GlobalSection(ProjectConfigurationPlatforms) = postSolution
		{0089A0CA-AC88-19E4-2BD8-BB7D90735464}.Debug|Any CPU.ActiveCfg = Debug|Any CPU
		{0089A0CA-AC88-19E4-2BD8-BB7D90735464}.Debug|Any CPU.Build.0 = Debug|Any CPU
		{0089A0CA-AC88-19E4-2BD8-BB7D90735464}.Release|Any CPU.ActiveCfg = Release|Any CPU
		{0089A0CA-AC88-19E4-2BD8-BB7D90735464}.Release|Any CPU.Build.0 = Release|Any CPU
		{B0FFA88F-66BA-2F44-85B1-0C5042B5D25D}.Debug|Any CPU.ActiveCfg = Debug|Any CPU
		{B0FFA88F-66BA-2F44-85B1-0C5042B5D25D}.Debug|Any CPU.Build.0 = Debug|Any CPU
		{B0FFA88F-66BA-2F44-85B1-0C5042B5D25D}.Release|Any CPU.ActiveCfg = Release|Any CPU
		{B0FFA88F-66BA-2F44-85B1-0C5042B5D25D}.Release|Any CPU.Build.0 = Release|Any CPU
		{80689823-37F2-0428-7C6D-C5970C0D5598}.Debug|Any CPU.ActiveCfg = Debug|Any CPU
		{80689823-37F2-0428-7C6D-C5970C0D5598}.Debug|Any CPU.Build.0 = Debug|Any CPU
		{80689823-37F2-0428-7C6D-C5970C0D5598}.Release|Any CPU.ActiveCfg = Release|Any CPU
		{80689823-37F2-0428-7C6D-C5970C0D5598}.Release|Any CPU.Build.0 = Release|Any CPU
		{0049D8CE-A4CB-F912-693F-B70C664F2693}.Debug|Any CPU.ActiveCfg = Debug|Any CPU
		{0049D8CE-A4CB-F912-693F-B70C664F2693}.Debug|Any CPU.Build.0 = Debug|Any CPU
		{0049D8CE-A4CB-F912-693F-B70C664F2693}.Release|Any CPU.ActiveCfg = Release|Any CPU
		{0049D8CE-A4CB-F912-693F-B70C664F2693}.Release|Any CPU.Build.0 = Release|Any CPU
		{3B8244DB-CEC1-A89C-F3DF-C8863F9A85A6}.Debug|Any CPU.ActiveCfg = Debug|Any CPU
		{3B8244DB-CEC1-A89C-F3DF-C8863F9A85A6}.Debug|Any CPU.Build.0 = Debug|Any CPU
		{3B8244DB-CEC1-A89C-F3DF-C8863F9A85A6}.Release|Any CPU.ActiveCfg = Release|Any CPU
		{3B8244DB-CEC1-A89C-F3DF-C8863F9A85A6}.Release|Any CPU.Build.0 = Release|Any CPU
		{29B4DDAC-D148-6F75-90FE-68E6E83A050C}.Debug|Any CPU.ActiveCfg = Debug|Any CPU
		{29B4DDAC-D148-6F75-90FE-68E6E83A050C}.Debug|Any CPU.Build.0 = Debug|Any CPU
		{29B4DDAC-D148-6F75-90FE-68E6E83A050C}.Release|Any CPU.ActiveCfg = Release|Any CPU
		{29B4DDAC-D148-6F75-90FE-68E6E83A050C}.Release|Any CPU.Build.0 = Release|Any CPU
		{845B07D3-9CC7-F2FE-1768-CBC854171CA0}.Debug|Any CPU.ActiveCfg = Debug|Any CPU
		{845B07D3-9CC7-F2FE-1768-CBC854171CA0}.Debug|Any CPU.Build.0 = Debug|Any CPU
		{845B07D3-9CC7-F2FE-1768-CBC854171CA0}.Release|Any CPU.ActiveCfg = Release|Any CPU
		{845B07D3-9CC7-F2FE-1768-CBC854171CA0}.Release|Any CPU.Build.0 = Release|Any CPU
		{7A0D7FB0-66F6-A6DB-D000-7A643A528B7E}.Debug|Any CPU.ActiveCfg = Debug|Any CPU
		{7A0D7FB0-66F6-A6DB-D000-7A643A528B7E}.Debug|Any CPU.Build.0 = Debug|Any CPU
		{7A0D7FB0-66F6-A6DB-D000-7A643A528B7E}.Release|Any CPU.ActiveCfg = Release|Any CPU
		{7A0D7FB0-66F6-A6DB-D000-7A643A528B7E}.Release|Any CPU.Build.0 = Release|Any CPU
		{19E3E7D5-6B5C-9757-7B75-7289C67FCE28}.Debug|Any CPU.ActiveCfg = Debug|Any CPU
		{19E3E7D5-6B5C-9757-7B75-7289C67FCE28}.Debug|Any CPU.Build.0 = Debug|Any CPU
		{19E3E7D5-6B5C-9757-7B75-7289C67FCE28}.Release|Any CPU.ActiveCfg = Release|Any CPU
		{19E3E7D5-6B5C-9757-7B75-7289C67FCE28}.Release|Any CPU.Build.0 = Release|Any CPU
		{20D110B6-2560-E308-511A-E5F5CA35377B}.Debug|Any CPU.ActiveCfg = Debug|Any CPU
		{20D110B6-2560-E308-511A-E5F5CA35377B}.Debug|Any CPU.Build.0 = Debug|Any CPU
		{20D110B6-2560-E308-511A-E5F5CA35377B}.Release|Any CPU.ActiveCfg = Release|Any CPU
		{20D110B6-2560-E308-511A-E5F5CA35377B}.Release|Any CPU.Build.0 = Release|Any CPU
		{919A8F55-6285-C5FD-CD51-534EA5350940}.Debug|Any CPU.ActiveCfg = Debug|Any CPU
		{919A8F55-6285-C5FD-CD51-534EA5350940}.Debug|Any CPU.Build.0 = Debug|Any CPU
		{919A8F55-6285-C5FD-CD51-534EA5350940}.Release|Any CPU.ActiveCfg = Release|Any CPU
		{919A8F55-6285-C5FD-CD51-534EA5350940}.Release|Any CPU.Build.0 = Release|Any CPU
		{BF0C87D4-A9D6-ADF4-73D2-AE743BEB60F8}.Debug|Any CPU.ActiveCfg = Debug|Any CPU
		{BF0C87D4-A9D6-ADF4-73D2-AE743BEB60F8}.Debug|Any CPU.Build.0 = Debug|Any CPU
		{BF0C87D4-A9D6-ADF4-73D2-AE743BEB60F8}.Release|Any CPU.ActiveCfg = Release|Any CPU
		{BF0C87D4-A9D6-ADF4-73D2-AE743BEB60F8}.Release|Any CPU.Build.0 = Release|Any CPU
		{7302E077-B8E3-68AD-9C83-6337FDF1F11A}.Debug|Any CPU.ActiveCfg = Debug|Any CPU
		{7302E077-B8E3-68AD-9C83-6337FDF1F11A}.Debug|Any CPU.Build.0 = Debug|Any CPU
		{7302E077-B8E3-68AD-9C83-6337FDF1F11A}.Release|Any CPU.ActiveCfg = Release|Any CPU
		{7302E077-B8E3-68AD-9C83-6337FDF1F11A}.Release|Any CPU.Build.0 = Release|Any CPU
		{C88882DE-2E8B-2E37-0845-A786892E7047}.Debug|Any CPU.ActiveCfg = Debug|Any CPU
		{C88882DE-2E8B-2E37-0845-A786892E7047}.Debug|Any CPU.Build.0 = Debug|Any CPU
		{C88882DE-2E8B-2E37-0845-A786892E7047}.Release|Any CPU.ActiveCfg = Release|Any CPU
		{C88882DE-2E8B-2E37-0845-A786892E7047}.Release|Any CPU.Build.0 = Release|Any CPU
		{D4DA0029-B608-A5D3-3EE0-E291D6087315}.Debug|Any CPU.ActiveCfg = Debug|Any CPU
		{D4DA0029-B608-A5D3-3EE0-E291D6087315}.Debug|Any CPU.Build.0 = Debug|Any CPU
		{D4DA0029-B608-A5D3-3EE0-E291D6087315}.Release|Any CPU.ActiveCfg = Release|Any CPU
		{D4DA0029-B608-A5D3-3EE0-E291D6087315}.Release|Any CPU.Build.0 = Release|Any CPU
		{8ED9334C-51BB-941E-5C1F-F3F9115164E4}.Debug|Any CPU.ActiveCfg = Debug|Any CPU
		{8ED9334C-51BB-941E-5C1F-F3F9115164E4}.Debug|Any CPU.Build.0 = Debug|Any CPU
		{8ED9334C-51BB-941E-5C1F-F3F9115164E4}.Release|Any CPU.ActiveCfg = Release|Any CPU
		{8ED9334C-51BB-941E-5C1F-F3F9115164E4}.Release|Any CPU.Build.0 = Release|Any CPU
		{AD2F87FF-6346-5579-6280-4CBEE6BEA4C7}.Debug|Any CPU.ActiveCfg = Debug|Any CPU
		{AD2F87FF-6346-5579-6280-4CBEE6BEA4C7}.Debug|Any CPU.Build.0 = Debug|Any CPU
		{AD2F87FF-6346-5579-6280-4CBEE6BEA4C7}.Release|Any CPU.ActiveCfg = Release|Any CPU
		{AD2F87FF-6346-5579-6280-4CBEE6BEA4C7}.Release|Any CPU.Build.0 = Release|Any CPU
		{74420ECC-B1B8-FA6C-EC62-20B884D4D217}.Debug|Any CPU.ActiveCfg = Debug|Any CPU
		{74420ECC-B1B8-FA6C-EC62-20B884D4D217}.Debug|Any CPU.Build.0 = Debug|Any CPU
		{74420ECC-B1B8-FA6C-EC62-20B884D4D217}.Release|Any CPU.ActiveCfg = Release|Any CPU
		{74420ECC-B1B8-FA6C-EC62-20B884D4D217}.Release|Any CPU.Build.0 = Release|Any CPU
		{16CF88F9-744B-1EA2-4281-E3742D8EB830}.Debug|Any CPU.ActiveCfg = Debug|Any CPU
		{16CF88F9-744B-1EA2-4281-E3742D8EB830}.Debug|Any CPU.Build.0 = Debug|Any CPU
		{16CF88F9-744B-1EA2-4281-E3742D8EB830}.Release|Any CPU.ActiveCfg = Release|Any CPU
		{16CF88F9-744B-1EA2-4281-E3742D8EB830}.Release|Any CPU.Build.0 = Release|Any CPU
		{29E9B546-8B12-40D8-52CD-4C2FCBC6F8F2}.Debug|Any CPU.ActiveCfg = Debug|Any CPU
		{29E9B546-8B12-40D8-52CD-4C2FCBC6F8F2}.Debug|Any CPU.Build.0 = Debug|Any CPU
		{29E9B546-8B12-40D8-52CD-4C2FCBC6F8F2}.Release|Any CPU.ActiveCfg = Release|Any CPU
		{29E9B546-8B12-40D8-52CD-4C2FCBC6F8F2}.Release|Any CPU.Build.0 = Release|Any CPU
		{EB22A2E1-9AF2-0AD9-494D-FA9A6150AA72}.Debug|Any CPU.ActiveCfg = Debug|Any CPU
		{EB22A2E1-9AF2-0AD9-494D-FA9A6150AA72}.Debug|Any CPU.Build.0 = Debug|Any CPU
		{EB22A2E1-9AF2-0AD9-494D-FA9A6150AA72}.Release|Any CPU.ActiveCfg = Release|Any CPU
		{EB22A2E1-9AF2-0AD9-494D-FA9A6150AA72}.Release|Any CPU.Build.0 = Release|Any CPU
		{FDC0A967-6B00-5C3E-0029-E5C0A9F58C3E}.Debug|Any CPU.ActiveCfg = Debug|Any CPU
		{FDC0A967-6B00-5C3E-0029-E5C0A9F58C3E}.Debug|Any CPU.Build.0 = Debug|Any CPU
		{FDC0A967-6B00-5C3E-0029-E5C0A9F58C3E}.Release|Any CPU.ActiveCfg = Release|Any CPU
		{FDC0A967-6B00-5C3E-0029-E5C0A9F58C3E}.Release|Any CPU.Build.0 = Release|Any CPU
		{F0EB0415-0D4F-FCB7-030B-8883A7F10872}.Debug|Any CPU.ActiveCfg = Debug|Any CPU
		{F0EB0415-0D4F-FCB7-030B-8883A7F10872}.Debug|Any CPU.Build.0 = Debug|Any CPU
		{F0EB0415-0D4F-FCB7-030B-8883A7F10872}.Release|Any CPU.ActiveCfg = Release|Any CPU
		{F0EB0415-0D4F-FCB7-030B-8883A7F10872}.Release|Any CPU.Build.0 = Release|Any CPU
		{A6BA4ACD-15F8-EBDA-5189-3844828C6E16}.Debug|Any CPU.ActiveCfg = Debug|Any CPU
		{A6BA4ACD-15F8-EBDA-5189-3844828C6E16}.Debug|Any CPU.Build.0 = Debug|Any CPU
		{A6BA4ACD-15F8-EBDA-5189-3844828C6E16}.Release|Any CPU.ActiveCfg = Release|Any CPU
		{A6BA4ACD-15F8-EBDA-5189-3844828C6E16}.Release|Any CPU.Build.0 = Release|Any CPU
		{323E5160-059C-1925-E339-431AFC938ECE}.Debug|Any CPU.ActiveCfg = Debug|Any CPU
		{323E5160-059C-1925-E339-431AFC938ECE}.Debug|Any CPU.Build.0 = Debug|Any CPU
		{323E5160-059C-1925-E339-431AFC938ECE}.Release|Any CPU.ActiveCfg = Release|Any CPU
		{323E5160-059C-1925-E339-431AFC938ECE}.Release|Any CPU.Build.0 = Release|Any CPU
		{9DF40168-5E32-077F-14FF-B3C2605636AC}.Debug|Any CPU.ActiveCfg = Debug|Any CPU
		{9DF40168-5E32-077F-14FF-B3C2605636AC}.Debug|Any CPU.Build.0 = Debug|Any CPU
		{9DF40168-5E32-077F-14FF-B3C2605636AC}.Release|Any CPU.ActiveCfg = Release|Any CPU
		{9DF40168-5E32-077F-14FF-B3C2605636AC}.Release|Any CPU.Build.0 = Release|Any CPU
		{E30BF5AE-77E6-A85C-65EC-2AD10439999F}.Debug|Any CPU.ActiveCfg = Debug|Any CPU
		{E30BF5AE-77E6-A85C-65EC-2AD10439999F}.Debug|Any CPU.Build.0 = Debug|Any CPU
		{E30BF5AE-77E6-A85C-65EC-2AD10439999F}.Release|Any CPU.ActiveCfg = Release|Any CPU
		{E30BF5AE-77E6-A85C-65EC-2AD10439999F}.Release|Any CPU.Build.0 = Release|Any CPU
		{8754F56E-BD3D-57B8-E886-BA45C0F299A7}.Debug|Any CPU.ActiveCfg = Debug|Any CPU
		{8754F56E-BD3D-57B8-E886-BA45C0F299A7}.Debug|Any CPU.Build.0 = Debug|Any CPU
		{8754F56E-BD3D-57B8-E886-BA45C0F299A7}.Release|Any CPU.ActiveCfg = Release|Any CPU
		{8754F56E-BD3D-57B8-E886-BA45C0F299A7}.Release|Any CPU.Build.0 = Release|Any CPU
		{BAAAEAC3-292E-F219-856F-B88232A3F182}.Debug|Any CPU.ActiveCfg = Debug|Any CPU
		{BAAAEAC3-292E-F219-856F-B88232A3F182}.Debug|Any CPU.Build.0 = Debug|Any CPU
		{BAAAEAC3-292E-F219-856F-B88232A3F182}.Release|Any CPU.ActiveCfg = Release|Any CPU
		{BAAAEAC3-292E-F219-856F-B88232A3F182}.Release|Any CPU.Build.0 = Release|Any CPU
		{2DB8163B-57E8-E70E-18BF-6702B99C8D6A}.Debug|Any CPU.ActiveCfg = Debug|Any CPU
		{2DB8163B-57E8-E70E-18BF-6702B99C8D6A}.Debug|Any CPU.Build.0 = Debug|Any CPU
		{2DB8163B-57E8-E70E-18BF-6702B99C8D6A}.Release|Any CPU.ActiveCfg = Release|Any CPU
		{2DB8163B-57E8-E70E-18BF-6702B99C8D6A}.Release|Any CPU.Build.0 = Release|Any CPU
	EndGlobalSection
	GlobalSection(SolutionProperties) = preSolution
		HideSolutionNode = FALSE
	EndGlobalSection
	GlobalSection(NestedProjects) = preSolution
		{183ED980-C32E-C675-E55D-281EBAB34CB4} = {21D36955-95DF-189F-F462-3EA64FE19AA5}
		{E304686B-213A-3A36-A534-4EE68562656A} = {21D36955-95DF-189F-F462-3EA64FE19AA5}
		{BA298011-020E-89D7-9A29-3E4378A90301} = {21D36955-95DF-189F-F462-3EA64FE19AA5}
		{8E928C27-5585-9913-8FA6-24A164DF3179} = {6F543814-7740-FC98-73A5-CC0A913546B8}
		{9130DE36-C8E7-253F-F380-218962E462D9} = {6F543814-7740-FC98-73A5-CC0A913546B8}
		{2F4361B4-3AD6-FBAD-85C3-977E24FC7DCE} = {6F543814-7740-FC98-73A5-CC0A913546B8}
		{0089A0CA-AC88-19E4-2BD8-BB7D90735464} = {183ED980-C32E-C675-E55D-281EBAB34CB4}
		{B0FFA88F-66BA-2F44-85B1-0C5042B5D25D} = {183ED980-C32E-C675-E55D-281EBAB34CB4}
		{80689823-37F2-0428-7C6D-C5970C0D5598} = {183ED980-C32E-C675-E55D-281EBAB34CB4}
		{0049D8CE-A4CB-F912-693F-B70C664F2693} = {183ED980-C32E-C675-E55D-281EBAB34CB4}
		{3B8244DB-CEC1-A89C-F3DF-C8863F9A85A6} = {183ED980-C32E-C675-E55D-281EBAB34CB4}
		{29B4DDAC-D148-6F75-90FE-68E6E83A050C} = {E304686B-213A-3A36-A534-4EE68562656A}
		{845B07D3-9CC7-F2FE-1768-CBC854171CA0} = {E304686B-213A-3A36-A534-4EE68562656A}
		{7A0D7FB0-66F6-A6DB-D000-7A643A528B7E} = {E304686B-213A-3A36-A534-4EE68562656A}
		{19E3E7D5-6B5C-9757-7B75-7289C67FCE28} = {E304686B-213A-3A36-A534-4EE68562656A}
		{20D110B6-2560-E308-511A-E5F5CA35377B} = {E304686B-213A-3A36-A534-4EE68562656A}
		{919A8F55-6285-C5FD-CD51-534EA5350940} = {BA298011-020E-89D7-9A29-3E4378A90301}
		{BF0C87D4-A9D6-ADF4-73D2-AE743BEB60F8} = {BA298011-020E-89D7-9A29-3E4378A90301}
		{7302E077-B8E3-68AD-9C83-6337FDF1F11A} = {BA298011-020E-89D7-9A29-3E4378A90301}
		{C88882DE-2E8B-2E37-0845-A786892E7047} = {BA298011-020E-89D7-9A29-3E4378A90301}
		{D4DA0029-B608-A5D3-3EE0-E291D6087315} = {BA298011-020E-89D7-9A29-3E4378A90301}
		{8ED9334C-51BB-941E-5C1F-F3F9115164E4} = {8E928C27-5585-9913-8FA6-24A164DF3179}
		{AD2F87FF-6346-5579-6280-4CBEE6BEA4C7} = {8E928C27-5585-9913-8FA6-24A164DF3179}
		{74420ECC-B1B8-FA6C-EC62-20B884D4D217} = {8E928C27-5585-9913-8FA6-24A164DF3179}
		{16CF88F9-744B-1EA2-4281-E3742D8EB830} = {8E928C27-5585-9913-8FA6-24A164DF3179}
		{29E9B546-8B12-40D8-52CD-4C2FCBC6F8F2} = {8E928C27-5585-9913-8FA6-24A164DF3179}
		{EB22A2E1-9AF2-0AD9-494D-FA9A6150AA72} = {9130DE36-C8E7-253F-F380-218962E462D9}
		{FDC0A967-6B00-5C3E-0029-E5C0A9F58C3E} = {9130DE36-C8E7-253F-F380-218962E462D9}
		{F0EB0415-0D4F-FCB7-030B-8883A7F10872} = {9130DE36-C8E7-253F-F380-218962E462D9}
		{A6BA4ACD-15F8-EBDA-5189-3844828C6E16} = {9130DE36-C8E7-253F-F380-218962E462D9}
		{323E5160-059C-1925-E339-431AFC938ECE} = {9130DE36-C8E7-253F-F380-218962E462D9}
		{9DF40168-5E32-077F-14FF-B3C2605636AC} = {2F4361B4-3AD6-FBAD-85C3-977E24FC7DCE}
		{E30BF5AE-77E6-A85C-65EC-2AD10439999F} = {2F4361B4-3AD6-FBAD-85C3-977E24FC7DCE}
		{8754F56E-BD3D-57B8-E886-BA45C0F299A7} = {2F4361B4-3AD6-FBAD-85C3-977E24FC7DCE}
		{BAAAEAC3-292E-F219-856F-B88232A3F182} = {2F4361B4-3AD6-FBAD-85C3-977E24FC7DCE}
		{2DB8163B-57E8-E70E-18BF-6702B99C8D6A} = {2F4361B4-3AD6-FBAD-85C3-977E24FC7DCE}
	EndGlobalSection
	GlobalSection(ExtensibilityGlobals) = postSolution
		SolutionGuid = {C2985FFC-1732-4AAE-8982-66F17CE560A5}
	EndGlobalSection
EndGlobal
