
Microsoft Visual Studio Solution File, Format Version 12.00
# Visual Studio Version 16
VisualStudioVersion = 16.0.30804.86
MinimumVisualStudioVersion = 10.0.40219.1
Project("{2150E333-8FDC-42A3-9474-1A3956D46DE8}") = "CodeBehind", "CodeBehind", "{21D36955-95DF-189F-F462-3EA64FE19AA5}"
EndProject
Project("{2150E333-8FDC-42A3-9474-1A3956D46DE8}") = "ViewModel", "ViewModel", "{6F543814-7740-FC98-73A5-CC0A913546B8}"
EndProject
Project("{2150E333-8FDC-42A3-9474-1A3956D46DE8}") = "EntityFramework", "EntityFramework", "{E304686B-213A-3A36-A534-4EE68562656A}"
EndProject
Project("{2150E333-8FDC-42A3-9474-1A3956D46DE8}") = "EFCore", "EFCore", "{183ED980-C32E-C675-E55D-281EBAB34CB4}"
EndProject
Project("{2150E333-8FDC-42A3-9474-1A3956D46DE8}") = "XPO", "XPO", "{BA298011-020E-89D7-9A29-3E4378A90301}"
EndProject
Project("{2150E333-8FDC-42A3-9474-1A3956D46DE8}") = "EntityFramework", "EntityFramework", "{9130DE36-C8E7-253F-F380-218962E462D9}"
EndProject
Project("{2150E333-8FDC-42A3-9474-1A3956D46DE8}") = "EFCore", "EFCore", "{8E928C27-5585-9913-8FA6-24A164DF3179}"
EndProject
Project("{2150E333-8FDC-42A3-9474-1A3956D46DE8}") = "XPO", "XPO", "{2F4361B4-3AD6-FBAD-85C3-977E24FC7DCE}"
EndProject
Project("{F184B08F-C81C-45F6-A57F-5ABD9991F28F}") = "InfiniteAsyncSource", "VB\CodeBehind\EFCore\InfiniteAsyncSource\InfiniteAsyncSource.vbproj", "{8278875F-CDC8-95E3-853B-02F7F61A4F03}"
EndProject
Project("{F184B08F-C81C-45F6-A57F-5ABD9991F28F}") = "InstantFeedbackMode", "VB\CodeBehind\EFCore\InstantFeedbackMode\InstantFeedbackMode.vbproj", "{4B5A3E95-77ED-9D47-EBBF-11F097392168}"
EndProject
Project("{F184B08F-C81C-45F6-A57F-5ABD9991F28F}") = "LocalData", "VB\CodeBehind\EFCore\LocalData\LocalData.vbproj", "{CF7AF3CF-399E-7F07-25A0-868D4562D838}"
EndProject
Project("{F184B08F-C81C-45F6-A57F-5ABD9991F28F}") = "PagedAsyncSource", "VB\CodeBehind\EFCore\PagedAsyncSource\PagedAsyncSource.vbproj", "{E0297BA4-1EDF-669F-B7B6-D85812B7A936}"
EndProject
Project("{F184B08F-C81C-45F6-A57F-5ABD9991F28F}") = "ServerMode", "VB\CodeBehind\EFCore\ServerMode\ServerMode.vbproj", "{647FCEDF-61D9-C312-57D3-AB5D0B48E89A}"
EndProject
Project("{F184B08F-C81C-45F6-A57F-5ABD9991F28F}") = "InfiniteAsyncSource", "VB\CodeBehind\EntityFramework\InfiniteAsyncSource\InfiniteAsyncSource.vbproj", "{5133E4D2-FF5F-817D-1D80-A50228640E8B}"
EndProject
Project("{F184B08F-C81C-45F6-A57F-5ABD9991F28F}") = "InstantFeedbackMode", "VB\CodeBehind\EntityFramework\InstantFeedbackMode\InstantFeedbackMode.vbproj", "{17315F5D-7464-E128-241E-AD3E266D54B5}"
EndProject
Project("{F184B08F-C81C-45F6-A57F-5ABD9991F28F}") = "LocalData", "VB\CodeBehind\EntityFramework\LocalData\LocalData.vbproj", "{E6979AB7-60A3-6CC8-FFB1-1F34C392989A}"
EndProject
Project("{F184B08F-C81C-45F6-A57F-5ABD9991F28F}") = "PagedAsyncSource", "VB\CodeBehind\EntityFramework\PagedAsyncSource\PagedAsyncSource.vbproj", "{076BA551-6970-63B9-1334-F41375E3C486}"
EndProject
Project("{F184B08F-C81C-45F6-A57F-5ABD9991F28F}") = "ServerMode", "VB\CodeBehind\EntityFramework\ServerMode\ServerMode.vbproj", "{64E9C68E-E91C-A777-5D72-A166B08EA3A7}"
EndProject
Project("{F184B08F-C81C-45F6-A57F-5ABD9991F28F}") = "InfiniteAsyncSource", "VB\CodeBehind\XPO\InfiniteAsyncSource\InfiniteAsyncSource.vbproj", "{110F4910-3219-422F-A745-F33CB1F59469}"
EndProject
Project("{F184B08F-C81C-45F6-A57F-5ABD9991F28F}") = "InstantFeedbackMode", "VB\CodeBehind\XPO\InstantFeedbackMode\InstantFeedbackMode.vbproj", "{6C5308CA-12A4-FFB5-B5FC-4BA44E900EAA}"
EndProject
Project("{F184B08F-C81C-45F6-A57F-5ABD9991F28F}") = "LocalData", "VB\CodeBehind\XPO\LocalData\LocalData.vbproj", "{C3817D1B-A446-E4E9-A47B-98222D793BFC}"
EndProject
Project("{F184B08F-C81C-45F6-A57F-5ABD9991F28F}") = "PagedAsyncSource", "VB\CodeBehind\XPO\PagedAsyncSource\PagedAsyncSource.vbproj", "{7D66E8A1-3AEE-5DEA-9342-021B11FCB091}"
EndProject
Project("{F184B08F-C81C-45F6-A57F-5ABD9991F28F}") = "ServerMode", "VB\CodeBehind\XPO\ServerMode\ServerMode.vbproj", "{28408136-32B8-6D33-B043-4973013FE995}"
EndProject
Project("{F184B08F-C81C-45F6-A57F-5ABD9991F28F}") = "InfiniteAsyncSource", "VB\ViewModel\EFCore\InfiniteAsyncSource\InfiniteAsyncSource.vbproj", "{76149E6C-3B6B-5D9A-B417-93340B5D0300}"
EndProject
Project("{F184B08F-C81C-45F6-A57F-5ABD9991F28F}") = "InstantFeedbackMode", "VB\ViewModel\EFCore\InstantFeedbackMode\InstantFeedbackMode.vbproj", "{D2AB6B02-C7A0-7752-212F-175475262D4D}"
EndProject
Project("{F184B08F-C81C-45F6-A57F-5ABD9991F28F}") = "LocalData", "VB\ViewModel\EFCore\LocalData\LocalData.vbproj", "{0D0EEB98-D0A0-8A88-7E9C-C74510FA14B6}"
EndProject
Project("{F184B08F-C81C-45F6-A57F-5ABD9991F28F}") = "PagedAsyncSource", "VB\ViewModel\EFCore\PagedAsyncSource\PagedAsyncSource.vbproj", "{2A4F1246-1371-74D8-355F-FDDBFC00E8DC}"
EndProject
Project("{F184B08F-C81C-45F6-A57F-5ABD9991F28F}") = "ServerMode", "VB\ViewModel\EFCore\ServerMode\ServerMode.vbproj", "{87FBFE23-6D34-53E3-5741-77F275B3AED0}"
EndProject
Project("{F184B08F-C81C-45F6-A57F-5ABD9991F28F}") = "InfiniteAsyncSource", "VB\ViewModel\EntityFramework\InfiniteAsyncSource\InfiniteAsyncSource.vbproj", "{225B83A9-4E91-940B-1F41-223D113F0D4B}"
EndProject
Project("{F184B08F-C81C-45F6-A57F-5ABD9991F28F}") = "InstantFeedbackMode", "VB\ViewModel\EntityFramework\InstantFeedbackMode\InstantFeedbackMode.vbproj", "{0B5CBEDA-8610-4271-0185-99D86985ADCD}"
EndProject
Project("{F184B08F-C81C-45F6-A57F-5ABD9991F28F}") = "LocalData", "VB\ViewModel\EntityFramework\LocalData\LocalData.vbproj", "{7908852D-F189-4834-1323-EF441E8A34B6}"
EndProject
Project("{F184B08F-C81C-45F6-A57F-5ABD9991F28F}") = "PagedAsyncSource", "VB\ViewModel\EntityFramework\PagedAsyncSource\PagedAsyncSource.vbproj", "{A900374B-1882-4685-6E9F-F71C4CB01785}"
EndProject
Project("{F184B08F-C81C-45F6-A57F-5ABD9991F28F}") = "ServerMode", "VB\ViewModel\EntityFramework\ServerMode\ServerMode.vbproj", "{46DE97CF-D639-3252-5E32-BB009C91BE74}"
EndProject
Project("{F184B08F-C81C-45F6-A57F-5ABD9991F28F}") = "InfiniteAsyncSource", "VB\ViewModel\XPO\InfiniteAsyncSource\InfiniteAsyncSource.vbproj", "{9FD8F90E-C26A-C3A3-45E1-314EC938ED8B}"
EndProject
Project("{F184B08F-C81C-45F6-A57F-5ABD9991F28F}") = "InstantFeedbackMode", "VB\ViewModel\XPO\InstantFeedbackMode\InstantFeedbackMode.vbproj", "{8BAA6EE6-1A3C-7D38-6793-6B7BD02C8915}"
EndProject
Project("{F184B08F-C81C-45F6-A57F-5ABD9991F28F}") = "LocalData", "VB\ViewModel\XPO\LocalData\LocalData.vbproj", "{0BEF3E0C-3CEE-C4DD-D668-33281BAD4636}"
EndProject
Project("{F184B08F-C81C-45F6-A57F-5ABD9991F28F}") = "PagedAsyncSource", "VB\ViewModel\XPO\PagedAsyncSource\PagedAsyncSource.vbproj", "{0A1BB16A-42F4-9369-3A25-D3B4F1E48F4D}"
EndProject
Project("{F184B08F-C81C-45F6-A57F-5ABD9991F28F}") = "ServerMode", "VB\ViewModel\XPO\ServerMode\ServerMode.vbproj", "{C3169D63-48D0-4DC7-64E1-BBFDB906CC5B}"
EndProject
Global
	GlobalSection(SolutionConfigurationPlatforms) = preSolution
		Debug|Any CPU = Debug|Any CPU
		Release|Any CPU = Release|Any CPU
	EndGlobalSection
	GlobalSection(ProjectConfigurationPlatforms) = postSolution
		{8278875F-CDC8-95E3-853B-02F7F61A4F03}.Debug|Any CPU.ActiveCfg = Debug|Any CPU
		{8278875F-CDC8-95E3-853B-02F7F61A4F03}.Debug|Any CPU.Build.0 = Debug|Any CPU
		{8278875F-CDC8-95E3-853B-02F7F61A4F03}.Release|Any CPU.ActiveCfg = Release|Any CPU
		{8278875F-CDC8-95E3-853B-02F7F61A4F03}.Release|Any CPU.Build.0 = Release|Any CPU
		{4B5A3E95-77ED-9D47-EBBF-11F097392168}.Debug|Any CPU.ActiveCfg = Debug|Any CPU
		{4B5A3E95-77ED-9D47-EBBF-11F097392168}.Debug|Any CPU.Build.0 = Debug|Any CPU
		{4B5A3E95-77ED-9D47-EBBF-11F097392168}.Release|Any CPU.ActiveCfg = Release|Any CPU
		{4B5A3E95-77ED-9D47-EBBF-11F097392168}.Release|Any CPU.Build.0 = Release|Any CPU
		{CF7AF3CF-399E-7F07-25A0-868D4562D838}.Debug|Any CPU.ActiveCfg = Debug|Any CPU
		{CF7AF3CF-399E-7F07-25A0-868D4562D838}.Debug|Any CPU.Build.0 = Debug|Any CPU
		{CF7AF3CF-399E-7F07-25A0-868D4562D838}.Release|Any CPU.ActiveCfg = Release|Any CPU
		{CF7AF3CF-399E-7F07-25A0-868D4562D838}.Release|Any CPU.Build.0 = Release|Any CPU
		{E0297BA4-1EDF-669F-B7B6-D85812B7A936}.Debug|Any CPU.ActiveCfg = Debug|Any CPU
		{E0297BA4-1EDF-669F-B7B6-D85812B7A936}.Debug|Any CPU.Build.0 = Debug|Any CPU
		{E0297BA4-1EDF-669F-B7B6-D85812B7A936}.Release|Any CPU.ActiveCfg = Release|Any CPU
		{E0297BA4-1EDF-669F-B7B6-D85812B7A936}.Release|Any CPU.Build.0 = Release|Any CPU
		{647FCEDF-61D9-C312-57D3-AB5D0B48E89A}.Debug|Any CPU.ActiveCfg = Debug|Any CPU
		{647FCEDF-61D9-C312-57D3-AB5D0B48E89A}.Debug|Any CPU.Build.0 = Debug|Any CPU
		{647FCEDF-61D9-C312-57D3-AB5D0B48E89A}.Release|Any CPU.ActiveCfg = Release|Any CPU
		{647FCEDF-61D9-C312-57D3-AB5D0B48E89A}.Release|Any CPU.Build.0 = Release|Any CPU
		{5133E4D2-FF5F-817D-1D80-A50228640E8B}.Debug|Any CPU.ActiveCfg = Debug|Any CPU
		{5133E4D2-FF5F-817D-1D80-A50228640E8B}.Debug|Any CPU.Build.0 = Debug|Any CPU
		{5133E4D2-FF5F-817D-1D80-A50228640E8B}.Release|Any CPU.ActiveCfg = Release|Any CPU
		{5133E4D2-FF5F-817D-1D80-A50228640E8B}.Release|Any CPU.Build.0 = Release|Any CPU
		{17315F5D-7464-E128-241E-AD3E266D54B5}.Debug|Any CPU.ActiveCfg = Debug|Any CPU
		{17315F5D-7464-E128-241E-AD3E266D54B5}.Debug|Any CPU.Build.0 = Debug|Any CPU
		{17315F5D-7464-E128-241E-AD3E266D54B5}.Release|Any CPU.ActiveCfg = Release|Any CPU
		{17315F5D-7464-E128-241E-AD3E266D54B5}.Release|Any CPU.Build.0 = Release|Any CPU
		{E6979AB7-60A3-6CC8-FFB1-1F34C392989A}.Debug|Any CPU.ActiveCfg = Debug|Any CPU
		{E6979AB7-60A3-6CC8-FFB1-1F34C392989A}.Debug|Any CPU.Build.0 = Debug|Any CPU
		{E6979AB7-60A3-6CC8-FFB1-1F34C392989A}.Release|Any CPU.ActiveCfg = Release|Any CPU
		{E6979AB7-60A3-6CC8-FFB1-1F34C392989A}.Release|Any CPU.Build.0 = Release|Any CPU
		{076BA551-6970-63B9-1334-F41375E3C486}.Debug|Any CPU.ActiveCfg = Debug|Any CPU
		{076BA551-6970-63B9-1334-F41375E3C486}.Debug|Any CPU.Build.0 = Debug|Any CPU
		{076BA551-6970-63B9-1334-F41375E3C486}.Release|Any CPU.ActiveCfg = Release|Any CPU
		{076BA551-6970-63B9-1334-F41375E3C486}.Release|Any CPU.Build.0 = Release|Any CPU
		{64E9C68E-E91C-A777-5D72-A166B08EA3A7}.Debug|Any CPU.ActiveCfg = Debug|Any CPU
		{64E9C68E-E91C-A777-5D72-A166B08EA3A7}.Debug|Any CPU.Build.0 = Debug|Any CPU
		{64E9C68E-E91C-A777-5D72-A166B08EA3A7}.Release|Any CPU.ActiveCfg = Release|Any CPU
		{64E9C68E-E91C-A777-5D72-A166B08EA3A7}.Release|Any CPU.Build.0 = Release|Any CPU
		{110F4910-3219-422F-A745-F33CB1F59469}.Debug|Any CPU.ActiveCfg = Debug|Any CPU
		{110F4910-3219-422F-A745-F33CB1F59469}.Debug|Any CPU.Build.0 = Debug|Any CPU
		{110F4910-3219-422F-A745-F33CB1F59469}.Release|Any CPU.ActiveCfg = Release|Any CPU
		{110F4910-3219-422F-A745-F33CB1F59469}.Release|Any CPU.Build.0 = Release|Any CPU
		{6C5308CA-12A4-FFB5-B5FC-4BA44E900EAA}.Debug|Any CPU.ActiveCfg = Debug|Any CPU
		{6C5308CA-12A4-FFB5-B5FC-4BA44E900EAA}.Debug|Any CPU.Build.0 = Debug|Any CPU
		{6C5308CA-12A4-FFB5-B5FC-4BA44E900EAA}.Release|Any CPU.ActiveCfg = Release|Any CPU
		{6C5308CA-12A4-FFB5-B5FC-4BA44E900EAA}.Release|Any CPU.Build.0 = Release|Any CPU
		{C3817D1B-A446-E4E9-A47B-98222D793BFC}.Debug|Any CPU.ActiveCfg = Debug|Any CPU
		{C3817D1B-A446-E4E9-A47B-98222D793BFC}.Debug|Any CPU.Build.0 = Debug|Any CPU
		{C3817D1B-A446-E4E9-A47B-98222D793BFC}.Release|Any CPU.ActiveCfg = Release|Any CPU
		{C3817D1B-A446-E4E9-A47B-98222D793BFC}.Release|Any CPU.Build.0 = Release|Any CPU
		{7D66E8A1-3AEE-5DEA-9342-021B11FCB091}.Debug|Any CPU.ActiveCfg = Debug|Any CPU
		{7D66E8A1-3AEE-5DEA-9342-021B11FCB091}.Debug|Any CPU.Build.0 = Debug|Any CPU
		{7D66E8A1-3AEE-5DEA-9342-021B11FCB091}.Release|Any CPU.ActiveCfg = Release|Any CPU
		{7D66E8A1-3AEE-5DEA-9342-021B11FCB091}.Release|Any CPU.Build.0 = Release|Any CPU
		{28408136-32B8-6D33-B043-4973013FE995}.Debug|Any CPU.ActiveCfg = Debug|Any CPU
		{28408136-32B8-6D33-B043-4973013FE995}.Debug|Any CPU.Build.0 = Debug|Any CPU
		{28408136-32B8-6D33-B043-4973013FE995}.Release|Any CPU.ActiveCfg = Release|Any CPU
		{28408136-32B8-6D33-B043-4973013FE995}.Release|Any CPU.Build.0 = Release|Any CPU
		{76149E6C-3B6B-5D9A-B417-93340B5D0300}.Debug|Any CPU.ActiveCfg = Debug|Any CPU
		{76149E6C-3B6B-5D9A-B417-93340B5D0300}.Debug|Any CPU.Build.0 = Debug|Any CPU
		{76149E6C-3B6B-5D9A-B417-93340B5D0300}.Release|Any CPU.ActiveCfg = Release|Any CPU
		{76149E6C-3B6B-5D9A-B417-93340B5D0300}.Release|Any CPU.Build.0 = Release|Any CPU
		{D2AB6B02-C7A0-7752-212F-175475262D4D}.Debug|Any CPU.ActiveCfg = Debug|Any CPU
		{D2AB6B02-C7A0-7752-212F-175475262D4D}.Debug|Any CPU.Build.0 = Debug|Any CPU
		{D2AB6B02-C7A0-7752-212F-175475262D4D}.Release|Any CPU.ActiveCfg = Release|Any CPU
		{D2AB6B02-C7A0-7752-212F-175475262D4D}.Release|Any CPU.Build.0 = Release|Any CPU
		{0D0EEB98-D0A0-8A88-7E9C-C74510FA14B6}.Debug|Any CPU.ActiveCfg = Debug|Any CPU
		{0D0EEB98-D0A0-8A88-7E9C-C74510FA14B6}.Debug|Any CPU.Build.0 = Debug|Any CPU
		{0D0EEB98-D0A0-8A88-7E9C-C74510FA14B6}.Release|Any CPU.ActiveCfg = Release|Any CPU
		{0D0EEB98-D0A0-8A88-7E9C-C74510FA14B6}.Release|Any CPU.Build.0 = Release|Any CPU
		{2A4F1246-1371-74D8-355F-FDDBFC00E8DC}.Debug|Any CPU.ActiveCfg = Debug|Any CPU
		{2A4F1246-1371-74D8-355F-FDDBFC00E8DC}.Debug|Any CPU.Build.0 = Debug|Any CPU
		{2A4F1246-1371-74D8-355F-FDDBFC00E8DC}.Release|Any CPU.ActiveCfg = Release|Any CPU
		{2A4F1246-1371-74D8-355F-FDDBFC00E8DC}.Release|Any CPU.Build.0 = Release|Any CPU
		{87FBFE23-6D34-53E3-5741-77F275B3AED0}.Debug|Any CPU.ActiveCfg = Debug|Any CPU
		{87FBFE23-6D34-53E3-5741-77F275B3AED0}.Debug|Any CPU.Build.0 = Debug|Any CPU
		{87FBFE23-6D34-53E3-5741-77F275B3AED0}.Release|Any CPU.ActiveCfg = Release|Any CPU
		{87FBFE23-6D34-53E3-5741-77F275B3AED0}.Release|Any CPU.Build.0 = Release|Any CPU
		{225B83A9-4E91-940B-1F41-223D113F0D4B}.Debug|Any CPU.ActiveCfg = Debug|Any CPU
		{225B83A9-4E91-940B-1F41-223D113F0D4B}.Debug|Any CPU.Build.0 = Debug|Any CPU
		{225B83A9-4E91-940B-1F41-223D113F0D4B}.Release|Any CPU.ActiveCfg = Release|Any CPU
		{225B83A9-4E91-940B-1F41-223D113F0D4B}.Release|Any CPU.Build.0 = Release|Any CPU
		{0B5CBEDA-8610-4271-0185-99D86985ADCD}.Debug|Any CPU.ActiveCfg = Debug|Any CPU
		{0B5CBEDA-8610-4271-0185-99D86985ADCD}.Debug|Any CPU.Build.0 = Debug|Any CPU
		{0B5CBEDA-8610-4271-0185-99D86985ADCD}.Release|Any CPU.ActiveCfg = Release|Any CPU
		{0B5CBEDA-8610-4271-0185-99D86985ADCD}.Release|Any CPU.Build.0 = Release|Any CPU
		{7908852D-F189-4834-1323-EF441E8A34B6}.Debug|Any CPU.ActiveCfg = Debug|Any CPU
		{7908852D-F189-4834-1323-EF441E8A34B6}.Debug|Any CPU.Build.0 = Debug|Any CPU
		{7908852D-F189-4834-1323-EF441E8A34B6}.Release|Any CPU.ActiveCfg = Release|Any CPU
		{7908852D-F189-4834-1323-EF441E8A34B6}.Release|Any CPU.Build.0 = Release|Any CPU
		{A900374B-1882-4685-6E9F-F71C4CB01785}.Debug|Any CPU.ActiveCfg = Debug|Any CPU
		{A900374B-1882-4685-6E9F-F71C4CB01785}.Debug|Any CPU.Build.0 = Debug|Any CPU
		{A900374B-1882-4685-6E9F-F71C4CB01785}.Release|Any CPU.ActiveCfg = Release|Any CPU
		{A900374B-1882-4685-6E9F-F71C4CB01785}.Release|Any CPU.Build.0 = Release|Any CPU
		{46DE97CF-D639-3252-5E32-BB009C91BE74}.Debug|Any CPU.ActiveCfg = Debug|Any CPU
		{46DE97CF-D639-3252-5E32-BB009C91BE74}.Debug|Any CPU.Build.0 = Debug|Any CPU
		{46DE97CF-D639-3252-5E32-BB009C91BE74}.Release|Any CPU.ActiveCfg = Release|Any CPU
		{46DE97CF-D639-3252-5E32-BB009C91BE74}.Release|Any CPU.Build.0 = Release|Any CPU
		{9FD8F90E-C26A-C3A3-45E1-314EC938ED8B}.Debug|Any CPU.ActiveCfg = Debug|Any CPU
		{9FD8F90E-C26A-C3A3-45E1-314EC938ED8B}.Debug|Any CPU.Build.0 = Debug|Any CPU
		{9FD8F90E-C26A-C3A3-45E1-314EC938ED8B}.Release|Any CPU.ActiveCfg = Release|Any CPU
		{9FD8F90E-C26A-C3A3-45E1-314EC938ED8B}.Release|Any CPU.Build.0 = Release|Any CPU
		{8BAA6EE6-1A3C-7D38-6793-6B7BD02C8915}.Debug|Any CPU.ActiveCfg = Debug|Any CPU
		{8BAA6EE6-1A3C-7D38-6793-6B7BD02C8915}.Debug|Any CPU.Build.0 = Debug|Any CPU
		{8BAA6EE6-1A3C-7D38-6793-6B7BD02C8915}.Release|Any CPU.ActiveCfg = Release|Any CPU
		{8BAA6EE6-1A3C-7D38-6793-6B7BD02C8915}.Release|Any CPU.Build.0 = Release|Any CPU
		{0BEF3E0C-3CEE-C4DD-D668-33281BAD4636}.Debug|Any CPU.ActiveCfg = Debug|Any CPU
		{0BEF3E0C-3CEE-C4DD-D668-33281BAD4636}.Debug|Any CPU.Build.0 = Debug|Any CPU
		{0BEF3E0C-3CEE-C4DD-D668-33281BAD4636}.Release|Any CPU.ActiveCfg = Release|Any CPU
		{0BEF3E0C-3CEE-C4DD-D668-33281BAD4636}.Release|Any CPU.Build.0 = Release|Any CPU
		{0A1BB16A-42F4-9369-3A25-D3B4F1E48F4D}.Debug|Any CPU.ActiveCfg = Debug|Any CPU
		{0A1BB16A-42F4-9369-3A25-D3B4F1E48F4D}.Debug|Any CPU.Build.0 = Debug|Any CPU
		{0A1BB16A-42F4-9369-3A25-D3B4F1E48F4D}.Release|Any CPU.ActiveCfg = Release|Any CPU
		{0A1BB16A-42F4-9369-3A25-D3B4F1E48F4D}.Release|Any CPU.Build.0 = Release|Any CPU
		{C3169D63-48D0-4DC7-64E1-BBFDB906CC5B}.Debug|Any CPU.ActiveCfg = Debug|Any CPU
		{C3169D63-48D0-4DC7-64E1-BBFDB906CC5B}.Debug|Any CPU.Build.0 = Debug|Any CPU
		{C3169D63-48D0-4DC7-64E1-BBFDB906CC5B}.Release|Any CPU.ActiveCfg = Release|Any CPU
		{C3169D63-48D0-4DC7-64E1-BBFDB906CC5B}.Release|Any CPU.Build.0 = Release|Any CPU
	EndGlobalSection
	GlobalSection(SolutionProperties) = preSolution
		HideSolutionNode = FALSE
	EndGlobalSection
	GlobalSection(NestedProjects) = preSolution
		{E304686B-213A-3A36-A534-4EE68562656A} = {21D36955-95DF-189F-F462-3EA64FE19AA5}
		{183ED980-C32E-C675-E55D-281EBAB34CB4} = {21D36955-95DF-189F-F462-3EA64FE19AA5}
		{BA298011-020E-89D7-9A29-3E4378A90301} = {21D36955-95DF-189F-F462-3EA64FE19AA5}
		{9130DE36-C8E7-253F-F380-218962E462D9} = {6F543814-7740-FC98-73A5-CC0A913546B8}
		{8E928C27-5585-9913-8FA6-24A164DF3179} = {6F543814-7740-FC98-73A5-CC0A913546B8}
		{2F4361B4-3AD6-FBAD-85C3-977E24FC7DCE} = {6F543814-7740-FC98-73A5-CC0A913546B8}
		{8278875F-CDC8-95E3-853B-02F7F61A4F03} = {183ED980-C32E-C675-E55D-281EBAB34CB4}
		{4B5A3E95-77ED-9D47-EBBF-11F097392168} = {183ED980-C32E-C675-E55D-281EBAB34CB4}
		{CF7AF3CF-399E-7F07-25A0-868D4562D838} = {183ED980-C32E-C675-E55D-281EBAB34CB4}
		{E0297BA4-1EDF-669F-B7B6-D85812B7A936} = {183ED980-C32E-C675-E55D-281EBAB34CB4}
		{647FCEDF-61D9-C312-57D3-AB5D0B48E89A} = {183ED980-C32E-C675-E55D-281EBAB34CB4}
		{5133E4D2-FF5F-817D-1D80-A50228640E8B} = {E304686B-213A-3A36-A534-4EE68562656A}
		{17315F5D-7464-E128-241E-AD3E266D54B5} = {E304686B-213A-3A36-A534-4EE68562656A}
		{E6979AB7-60A3-6CC8-FFB1-1F34C392989A} = {E304686B-213A-3A36-A534-4EE68562656A}
		{076BA551-6970-63B9-1334-F41375E3C486} = {E304686B-213A-3A36-A534-4EE68562656A}
		{64E9C68E-E91C-A777-5D72-A166B08EA3A7} = {E304686B-213A-3A36-A534-4EE68562656A}
		{110F4910-3219-422F-A745-F33CB1F59469} = {BA298011-020E-89D7-9A29-3E4378A90301}
		{6C5308CA-12A4-FFB5-B5FC-4BA44E900EAA} = {BA298011-020E-89D7-9A29-3E4378A90301}
		{C3817D1B-A446-E4E9-A47B-98222D793BFC} = {BA298011-020E-89D7-9A29-3E4378A90301}
		{7D66E8A1-3AEE-5DEA-9342-021B11FCB091} = {BA298011-020E-89D7-9A29-3E4378A90301}
		{28408136-32B8-6D33-B043-4973013FE995} = {BA298011-020E-89D7-9A29-3E4378A90301}
		{76149E6C-3B6B-5D9A-B417-93340B5D0300} = {8E928C27-5585-9913-8FA6-24A164DF3179}
		{D2AB6B02-C7A0-7752-212F-175475262D4D} = {8E928C27-5585-9913-8FA6-24A164DF3179}
		{0D0EEB98-D0A0-8A88-7E9C-C74510FA14B6} = {8E928C27-5585-9913-8FA6-24A164DF3179}
		{2A4F1246-1371-74D8-355F-FDDBFC00E8DC} = {8E928C27-5585-9913-8FA6-24A164DF3179}
		{87FBFE23-6D34-53E3-5741-77F275B3AED0} = {8E928C27-5585-9913-8FA6-24A164DF3179}
		{225B83A9-4E91-940B-1F41-223D113F0D4B} = {9130DE36-C8E7-253F-F380-218962E462D9}
		{0B5CBEDA-8610-4271-0185-99D86985ADCD} = {9130DE36-C8E7-253F-F380-218962E462D9}
		{7908852D-F189-4834-1323-EF441E8A34B6} = {9130DE36-C8E7-253F-F380-218962E462D9}
		{A900374B-1882-4685-6E9F-F71C4CB01785} = {9130DE36-C8E7-253F-F380-218962E462D9}
		{46DE97CF-D639-3252-5E32-BB009C91BE74} = {9130DE36-C8E7-253F-F380-218962E462D9}
		{9FD8F90E-C26A-C3A3-45E1-314EC938ED8B} = {2F4361B4-3AD6-FBAD-85C3-977E24FC7DCE}
		{8BAA6EE6-1A3C-7D38-6793-6B7BD02C8915} = {2F4361B4-3AD6-FBAD-85C3-977E24FC7DCE}
		{0BEF3E0C-3CEE-C4DD-D668-33281BAD4636} = {2F4361B4-3AD6-FBAD-85C3-977E24FC7DCE}
		{0A1BB16A-42F4-9369-3A25-D3B4F1E48F4D} = {2F4361B4-3AD6-FBAD-85C3-977E24FC7DCE}
		{C3169D63-48D0-4DC7-64E1-BBFDB906CC5B} = {2F4361B4-3AD6-FBAD-85C3-977E24FC7DCE}
	EndGlobalSection
	GlobalSection(ExtensibilityGlobals) = postSolution
		SolutionGuid = {C2985FFC-1732-4AAE-8982-66F17CE560A5}
	EndGlobalSection
EndGlobal
