
Microsoft Visual Studio Solution File, Format Version 12.00
# Visual Studio Version 16
VisualStudioVersion = 16.0.30804.86
MinimumVisualStudioVersion = 10.0.40219.1
Project("{2150E333-8FDC-42A3-9474-1A3956D46DE8}") = "CodeBehind", "CodeBehind", "{21D36955-95DF-189F-F462-3EA64FE19AA5}"
EndProject
Project("{2150E333-8FDC-42A3-9474-1A3956D46DE8}") = "ViewModel", "ViewModel", "{6F543814-7740-FC98-73A5-CC0A913546B8}"
EndProject
Project("{2150E333-8FDC-42A3-9474-1A3956D46DE8}") = "EFCore", "EFCore", "{183ED980-C32E-C675-E55D-281EBAB34CB4}"
EndProject
Project("{2150E333-8FDC-42A3-9474-1A3956D46DE8}") = "XPO", "XPO", "{BA298011-020E-89D7-9A29-3E4378A90301}"
EndProject
Project("{2150E333-8FDC-42A3-9474-1A3956D46DE8}") = "EFCore", "EFCore", "{8E928C27-5585-9913-8FA6-24A164DF3179}"
EndProject
Project("{2150E333-8FDC-42A3-9474-1A3956D46DE8}") = "XPO", "XPO", "{2F4361B4-3AD6-FBAD-85C3-977E24FC7DCE}"
EndProject
Project("{F184B08F-C81C-45F6-A57F-5ABD9991F28F}") = "InfiniteAsyncSource", "CodeBehind\EFCore\InfiniteAsyncSource\InfiniteAsyncSource.Net5.vbproj", "{E373385F-C1A8-2C3D-B855-D229F39D699F}"
EndProject
Project("{F184B08F-C81C-45F6-A57F-5ABD9991F28F}") = "InstantFeedbackMode", "CodeBehind\EFCore\InstantFeedbackMode\InstantFeedbackMode.Net5.vbproj", "{DBBC813A-ECBC-EDF0-A975-117D229B3BB7}"
EndProject
Project("{F184B08F-C81C-45F6-A57F-5ABD9991F28F}") = "LocalData", "CodeBehind\EFCore\LocalData\LocalData.Net5.vbproj", "{55FE18AD-CB42-5C59-AAF1-434C4EA209EA}"
EndProject
Project("{F184B08F-C81C-45F6-A57F-5ABD9991F28F}") = "PagedAsyncSource", "CodeBehind\EFCore\PagedAsyncSource\PagedAsyncSource.Net5.vbproj", "{BB2EED29-11AE-91F8-6518-D3012B0B0E98}"
EndProject
Project("{F184B08F-C81C-45F6-A57F-5ABD9991F28F}") = "ServerMode", "CodeBehind\EFCore\ServerMode\ServerMode.Net5.vbproj", "{C7EE8E1C-0A16-F4A1-04A9-67716C9801FE}"
EndProject
Project("{F184B08F-C81C-45F6-A57F-5ABD9991F28F}") = "InfiniteAsyncSource", "CodeBehind\XPO\InfiniteAsyncSource\InfiniteAsyncSource.Net5.vbproj", "{C6952C7B-D539-EBA7-6CB2-75C16B3768B5}"
EndProject
Project("{F184B08F-C81C-45F6-A57F-5ABD9991F28F}") = "InstantFeedbackMode", "CodeBehind\XPO\InstantFeedbackMode\InstantFeedbackMode.Net5.vbproj", "{DDD2EA41-1B51-01B2-8E76-3E4CD3F19BDA}"
EndProject
Project("{F184B08F-C81C-45F6-A57F-5ABD9991F28F}") = "LocalData", "CodeBehind\XPO\LocalData\LocalData.Net5.vbproj", "{BD439146-0FFF-83E0-0633-777FD5A2991D}"
EndProject
Project("{F184B08F-C81C-45F6-A57F-5ABD9991F28F}") = "PagedAsyncSource", "CodeBehind\XPO\PagedAsyncSource\PagedAsyncSource.Net5.vbproj", "{448CFE97-0691-5B29-C5F9-433542936194}"
EndProject
Project("{F184B08F-C81C-45F6-A57F-5ABD9991F28F}") = "ServerMode", "CodeBehind\XPO\ServerMode\ServerMode.Net5.vbproj", "{0F6A2BC6-1636-9D8E-6A2D-0A2C27A1C466}"
EndProject
Project("{F184B08F-C81C-45F6-A57F-5ABD9991F28F}") = "InfiniteAsyncSource", "ViewModel\EFCore\InfiniteAsyncSource\InfiniteAsyncSource.Net5.vbproj", "{C4F95762-ADAE-6FE2-C2EB-0F8A1B561165}"
EndProject
Project("{F184B08F-C81C-45F6-A57F-5ABD9991F28F}") = "InstantFeedbackMode", "ViewModel\EFCore\InstantFeedbackMode\InstantFeedbackMode.Net5.vbproj", "{9A63456D-FF25-1EC2-2583-F413CD9A3BF9}"
EndProject
Project("{F184B08F-C81C-45F6-A57F-5ABD9991F28F}") = "LocalData", "ViewModel\EFCore\LocalData\LocalData.Net5.vbproj", "{027E6DC6-769D-B290-7371-9707BC5DDB13}"
EndProject
Project("{F184B08F-C81C-45F6-A57F-5ABD9991F28F}") = "PagedAsyncSource", "ViewModel\EFCore\PagedAsyncSource\PagedAsyncSource.Net5.vbproj", "{F6189E92-A46E-25BB-D231-C9D1EAD29142}"
EndProject
Project("{F184B08F-C81C-45F6-A57F-5ABD9991F28F}") = "ServerMode", "ViewModel\EFCore\ServerMode\ServerMode.Net5.vbproj", "{7D8E4D8A-C90F-B47D-757A-AAADD85B06C4}"
EndProject
Project("{F184B08F-C81C-45F6-A57F-5ABD9991F28F}") = "InfiniteAsyncSource", "ViewModel\XPO\InfiniteAsyncSource\InfiniteAsyncSource.Net5.vbproj", "{417F9E8E-532B-167E-CE23-C266F7D0A1AB}"
EndProject
Project("{F184B08F-C81C-45F6-A57F-5ABD9991F28F}") = "InstantFeedbackMode", "ViewModel\XPO\InstantFeedbackMode\InstantFeedbackMode.Net5.vbproj", "{6FA2435A-BFCA-A2B0-3FC5-B095F1ACF14F}"
EndProject
Project("{F184B08F-C81C-45F6-A57F-5ABD9991F28F}") = "LocalData", "ViewModel\XPO\LocalData\LocalData.Net5.vbproj", "{7BF3B0E7-C954-D906-C99E-95A9599F16EC}"
EndProject
Project("{F184B08F-C81C-45F6-A57F-5ABD9991F28F}") = "PagedAsyncSource", "ViewModel\XPO\PagedAsyncSource\PagedAsyncSource.Net5.vbproj", "{E9B003DA-11C7-8D57-34C3-945BDEBA5154}"
EndProject
Project("{F184B08F-C81C-45F6-A57F-5ABD9991F28F}") = "ServerMode", "ViewModel\XPO\ServerMode\ServerMode.Net5.vbproj", "{E38E54C6-673E-5288-0A63-25642D9B0816}"
EndProject
Global
	GlobalSection(SolutionConfigurationPlatforms) = preSolution
		Debug|Any CPU = Debug|Any CPU
		Release|Any CPU = Release|Any CPU
	EndGlobalSection
	GlobalSection(ProjectConfigurationPlatforms) = postSolution
		{E373385F-C1A8-2C3D-B855-D229F39D699F}.Debug|Any CPU.ActiveCfg = Debug|Any CPU
		{E373385F-C1A8-2C3D-B855-D229F39D699F}.Debug|Any CPU.Build.0 = Debug|Any CPU
		{E373385F-C1A8-2C3D-B855-D229F39D699F}.Release|Any CPU.ActiveCfg = Release|Any CPU
		{E373385F-C1A8-2C3D-B855-D229F39D699F}.Release|Any CPU.Build.0 = Release|Any CPU
		{DBBC813A-ECBC-EDF0-A975-117D229B3BB7}.Debug|Any CPU.ActiveCfg = Debug|Any CPU
		{DBBC813A-ECBC-EDF0-A975-117D229B3BB7}.Debug|Any CPU.Build.0 = Debug|Any CPU
		{DBBC813A-ECBC-EDF0-A975-117D229B3BB7}.Release|Any CPU.ActiveCfg = Release|Any CPU
		{DBBC813A-ECBC-EDF0-A975-117D229B3BB7}.Release|Any CPU.Build.0 = Release|Any CPU
		{55FE18AD-CB42-5C59-AAF1-434C4EA209EA}.Debug|Any CPU.ActiveCfg = Debug|Any CPU
		{55FE18AD-CB42-5C59-AAF1-434C4EA209EA}.Debug|Any CPU.Build.0 = Debug|Any CPU
		{55FE18AD-CB42-5C59-AAF1-434C4EA209EA}.Release|Any CPU.ActiveCfg = Release|Any CPU
		{55FE18AD-CB42-5C59-AAF1-434C4EA209EA}.Release|Any CPU.Build.0 = Release|Any CPU
		{BB2EED29-11AE-91F8-6518-D3012B0B0E98}.Debug|Any CPU.ActiveCfg = Debug|Any CPU
		{BB2EED29-11AE-91F8-6518-D3012B0B0E98}.Debug|Any CPU.Build.0 = Debug|Any CPU
		{BB2EED29-11AE-91F8-6518-D3012B0B0E98}.Release|Any CPU.ActiveCfg = Release|Any CPU
		{BB2EED29-11AE-91F8-6518-D3012B0B0E98}.Release|Any CPU.Build.0 = Release|Any CPU
		{C7EE8E1C-0A16-F4A1-04A9-67716C9801FE}.Debug|Any CPU.ActiveCfg = Debug|Any CPU
		{C7EE8E1C-0A16-F4A1-04A9-67716C9801FE}.Debug|Any CPU.Build.0 = Debug|Any CPU
		{C7EE8E1C-0A16-F4A1-04A9-67716C9801FE}.Release|Any CPU.ActiveCfg = Release|Any CPU
		{C7EE8E1C-0A16-F4A1-04A9-67716C9801FE}.Release|Any CPU.Build.0 = Release|Any CPU
		{C6952C7B-D539-EBA7-6CB2-75C16B3768B5}.Debug|Any CPU.ActiveCfg = Debug|Any CPU
		{C6952C7B-D539-EBA7-6CB2-75C16B3768B5}.Debug|Any CPU.Build.0 = Debug|Any CPU
		{C6952C7B-D539-EBA7-6CB2-75C16B3768B5}.Release|Any CPU.ActiveCfg = Release|Any CPU
		{C6952C7B-D539-EBA7-6CB2-75C16B3768B5}.Release|Any CPU.Build.0 = Release|Any CPU
		{DDD2EA41-1B51-01B2-8E76-3E4CD3F19BDA}.Debug|Any CPU.ActiveCfg = Debug|Any CPU
		{DDD2EA41-1B51-01B2-8E76-3E4CD3F19BDA}.Debug|Any CPU.Build.0 = Debug|Any CPU
		{DDD2EA41-1B51-01B2-8E76-3E4CD3F19BDA}.Release|Any CPU.ActiveCfg = Release|Any CPU
		{DDD2EA41-1B51-01B2-8E76-3E4CD3F19BDA}.Release|Any CPU.Build.0 = Release|Any CPU
		{BD439146-0FFF-83E0-0633-777FD5A2991D}.Debug|Any CPU.ActiveCfg = Debug|Any CPU
		{BD439146-0FFF-83E0-0633-777FD5A2991D}.Debug|Any CPU.Build.0 = Debug|Any CPU
		{BD439146-0FFF-83E0-0633-777FD5A2991D}.Release|Any CPU.ActiveCfg = Release|Any CPU
		{BD439146-0FFF-83E0-0633-777FD5A2991D}.Release|Any CPU.Build.0 = Release|Any CPU
		{448CFE97-0691-5B29-C5F9-433542936194}.Debug|Any CPU.ActiveCfg = Debug|Any CPU
		{448CFE97-0691-5B29-C5F9-433542936194}.Debug|Any CPU.Build.0 = Debug|Any CPU
		{448CFE97-0691-5B29-C5F9-433542936194}.Release|Any CPU.ActiveCfg = Release|Any CPU
		{448CFE97-0691-5B29-C5F9-433542936194}.Release|Any CPU.Build.0 = Release|Any CPU
		{0F6A2BC6-1636-9D8E-6A2D-0A2C27A1C466}.Debug|Any CPU.ActiveCfg = Debug|Any CPU
		{0F6A2BC6-1636-9D8E-6A2D-0A2C27A1C466}.Debug|Any CPU.Build.0 = Debug|Any CPU
		{0F6A2BC6-1636-9D8E-6A2D-0A2C27A1C466}.Release|Any CPU.ActiveCfg = Release|Any CPU
		{0F6A2BC6-1636-9D8E-6A2D-0A2C27A1C466}.Release|Any CPU.Build.0 = Release|Any CPU
		{C4F95762-ADAE-6FE2-C2EB-0F8A1B561165}.Debug|Any CPU.ActiveCfg = Debug|Any CPU
		{C4F95762-ADAE-6FE2-C2EB-0F8A1B561165}.Debug|Any CPU.Build.0 = Debug|Any CPU
		{C4F95762-ADAE-6FE2-C2EB-0F8A1B561165}.Release|Any CPU.ActiveCfg = Release|Any CPU
		{C4F95762-ADAE-6FE2-C2EB-0F8A1B561165}.Release|Any CPU.Build.0 = Release|Any CPU
		{9A63456D-FF25-1EC2-2583-F413CD9A3BF9}.Debug|Any CPU.ActiveCfg = Debug|Any CPU
		{9A63456D-FF25-1EC2-2583-F413CD9A3BF9}.Debug|Any CPU.Build.0 = Debug|Any CPU
		{9A63456D-FF25-1EC2-2583-F413CD9A3BF9}.Release|Any CPU.ActiveCfg = Release|Any CPU
		{9A63456D-FF25-1EC2-2583-F413CD9A3BF9}.Release|Any CPU.Build.0 = Release|Any CPU
		{027E6DC6-769D-B290-7371-9707BC5DDB13}.Debug|Any CPU.ActiveCfg = Debug|Any CPU
		{027E6DC6-769D-B290-7371-9707BC5DDB13}.Debug|Any CPU.Build.0 = Debug|Any CPU
		{027E6DC6-769D-B290-7371-9707BC5DDB13}.Release|Any CPU.ActiveCfg = Release|Any CPU
		{027E6DC6-769D-B290-7371-9707BC5DDB13}.Release|Any CPU.Build.0 = Release|Any CPU
		{F6189E92-A46E-25BB-D231-C9D1EAD29142}.Debug|Any CPU.ActiveCfg = Debug|Any CPU
		{F6189E92-A46E-25BB-D231-C9D1EAD29142}.Debug|Any CPU.Build.0 = Debug|Any CPU
		{F6189E92-A46E-25BB-D231-C9D1EAD29142}.Release|Any CPU.ActiveCfg = Release|Any CPU
		{F6189E92-A46E-25BB-D231-C9D1EAD29142}.Release|Any CPU.Build.0 = Release|Any CPU
		{7D8E4D8A-C90F-B47D-757A-AAADD85B06C4}.Debug|Any CPU.ActiveCfg = Debug|Any CPU
		{7D8E4D8A-C90F-B47D-757A-AAADD85B06C4}.Debug|Any CPU.Build.0 = Debug|Any CPU
		{7D8E4D8A-C90F-B47D-757A-AAADD85B06C4}.Release|Any CPU.ActiveCfg = Release|Any CPU
		{7D8E4D8A-C90F-B47D-757A-AAADD85B06C4}.Release|Any CPU.Build.0 = Release|Any CPU
		{417F9E8E-532B-167E-CE23-C266F7D0A1AB}.Debug|Any CPU.ActiveCfg = Debug|Any CPU
		{417F9E8E-532B-167E-CE23-C266F7D0A1AB}.Debug|Any CPU.Build.0 = Debug|Any CPU
		{417F9E8E-532B-167E-CE23-C266F7D0A1AB}.Release|Any CPU.ActiveCfg = Release|Any CPU
		{417F9E8E-532B-167E-CE23-C266F7D0A1AB}.Release|Any CPU.Build.0 = Release|Any CPU
		{6FA2435A-BFCA-A2B0-3FC5-B095F1ACF14F}.Debug|Any CPU.ActiveCfg = Debug|Any CPU
		{6FA2435A-BFCA-A2B0-3FC5-B095F1ACF14F}.Debug|Any CPU.Build.0 = Debug|Any CPU
		{6FA2435A-BFCA-A2B0-3FC5-B095F1ACF14F}.Release|Any CPU.ActiveCfg = Release|Any CPU
		{6FA2435A-BFCA-A2B0-3FC5-B095F1ACF14F}.Release|Any CPU.Build.0 = Release|Any CPU
		{7BF3B0E7-C954-D906-C99E-95A9599F16EC}.Debug|Any CPU.ActiveCfg = Debug|Any CPU
		{7BF3B0E7-C954-D906-C99E-95A9599F16EC}.Debug|Any CPU.Build.0 = Debug|Any CPU
		{7BF3B0E7-C954-D906-C99E-95A9599F16EC}.Release|Any CPU.ActiveCfg = Release|Any CPU
		{7BF3B0E7-C954-D906-C99E-95A9599F16EC}.Release|Any CPU.Build.0 = Release|Any CPU
		{E9B003DA-11C7-8D57-34C3-945BDEBA5154}.Debug|Any CPU.ActiveCfg = Debug|Any CPU
		{E9B003DA-11C7-8D57-34C3-945BDEBA5154}.Debug|Any CPU.Build.0 = Debug|Any CPU
		{E9B003DA-11C7-8D57-34C3-945BDEBA5154}.Release|Any CPU.ActiveCfg = Release|Any CPU
		{E9B003DA-11C7-8D57-34C3-945BDEBA5154}.Release|Any CPU.Build.0 = Release|Any CPU
		{E38E54C6-673E-5288-0A63-25642D9B0816}.Debug|Any CPU.ActiveCfg = Debug|Any CPU
		{E38E54C6-673E-5288-0A63-25642D9B0816}.Debug|Any CPU.Build.0 = Debug|Any CPU
		{E38E54C6-673E-5288-0A63-25642D9B0816}.Release|Any CPU.ActiveCfg = Release|Any CPU
		{E38E54C6-673E-5288-0A63-25642D9B0816}.Release|Any CPU.Build.0 = Release|Any CPU
	EndGlobalSection
	GlobalSection(SolutionProperties) = preSolution
		HideSolutionNode = FALSE
	EndGlobalSection
	GlobalSection(NestedProjects) = preSolution
		{183ED980-C32E-C675-E55D-281EBAB34CB4} = {21D36955-95DF-189F-F462-3EA64FE19AA5}
		{BA298011-020E-89D7-9A29-3E4378A90301} = {21D36955-95DF-189F-F462-3EA64FE19AA5}
		{8E928C27-5585-9913-8FA6-24A164DF3179} = {6F543814-7740-FC98-73A5-CC0A913546B8}
		{2F4361B4-3AD6-FBAD-85C3-977E24FC7DCE} = {6F543814-7740-FC98-73A5-CC0A913546B8}
		{E373385F-C1A8-2C3D-B855-D229F39D699F} = {183ED980-C32E-C675-E55D-281EBAB34CB4}
		{DBBC813A-ECBC-EDF0-A975-117D229B3BB7} = {183ED980-C32E-C675-E55D-281EBAB34CB4}
		{55FE18AD-CB42-5C59-AAF1-434C4EA209EA} = {183ED980-C32E-C675-E55D-281EBAB34CB4}
		{BB2EED29-11AE-91F8-6518-D3012B0B0E98} = {183ED980-C32E-C675-E55D-281EBAB34CB4}
		{C7EE8E1C-0A16-F4A1-04A9-67716C9801FE} = {183ED980-C32E-C675-E55D-281EBAB34CB4}
		{C6952C7B-D539-EBA7-6CB2-75C16B3768B5} = {BA298011-020E-89D7-9A29-3E4378A90301}
		{DDD2EA41-1B51-01B2-8E76-3E4CD3F19BDA} = {BA298011-020E-89D7-9A29-3E4378A90301}
		{BD439146-0FFF-83E0-0633-777FD5A2991D} = {BA298011-020E-89D7-9A29-3E4378A90301}
		{448CFE97-0691-5B29-C5F9-433542936194} = {BA298011-020E-89D7-9A29-3E4378A90301}
		{0F6A2BC6-1636-9D8E-6A2D-0A2C27A1C466} = {BA298011-020E-89D7-9A29-3E4378A90301}
		{C4F95762-ADAE-6FE2-C2EB-0F8A1B561165} = {8E928C27-5585-9913-8FA6-24A164DF3179}
		{9A63456D-FF25-1EC2-2583-F413CD9A3BF9} = {8E928C27-5585-9913-8FA6-24A164DF3179}
		{027E6DC6-769D-B290-7371-9707BC5DDB13} = {8E928C27-5585-9913-8FA6-24A164DF3179}
		{F6189E92-A46E-25BB-D231-C9D1EAD29142} = {8E928C27-5585-9913-8FA6-24A164DF3179}
		{7D8E4D8A-C90F-B47D-757A-AAADD85B06C4} = {8E928C27-5585-9913-8FA6-24A164DF3179}
		{417F9E8E-532B-167E-CE23-C266F7D0A1AB} = {2F4361B4-3AD6-FBAD-85C3-977E24FC7DCE}
		{6FA2435A-BFCA-A2B0-3FC5-B095F1ACF14F} = {2F4361B4-3AD6-FBAD-85C3-977E24FC7DCE}
		{7BF3B0E7-C954-D906-C99E-95A9599F16EC} = {2F4361B4-3AD6-FBAD-85C3-977E24FC7DCE}
		{E9B003DA-11C7-8D57-34C3-945BDEBA5154} = {2F4361B4-3AD6-FBAD-85C3-977E24FC7DCE}
		{E38E54C6-673E-5288-0A63-25642D9B0816} = {2F4361B4-3AD6-FBAD-85C3-977E24FC7DCE}
	EndGlobalSection
	GlobalSection(ExtensibilityGlobals) = postSolution
		SolutionGuid = {C2985FFC-1732-4AAE-8982-66F17CE560A5}
	EndGlobalSection
EndGlobal
