
Microsoft Visual Studio Solution File, Format Version 12.00
# Visual Studio Version 16
VisualStudioVersion = 16.0.30804.86
MinimumVisualStudioVersion = 10.0.40219.1
Project("{FAE04EC0-301F-11D3-BF4B-00C04F79EFBC}") = "PagedAsyncSource", "PagedAsyncSource.csproj", "{BE907B24-25A7-4C0B-5C44-96FBB557F0A9}"
EndProject
Global
	GlobalSection(SolutionConfigurationPlatforms) = preSolution
		Debug|Any CPU = Debug|Any CPU
		Release|Any CPU = Release|Any CPU
	EndGlobalSection
	GlobalSection(ProjectConfigurationPlatforms) = postSolution
		{BE907B24-25A7-4C0B-5C44-96FBB557F0A9}.Debug|Any CPU.ActiveCfg = Debug|Any CPU
		{BE907B24-25A7-4C0B-5C44-96FBB557F0A9}.Debug|Any CPU.Build.0 = Debug|Any CPU
		{BE907B24-25A7-4C0B-5C44-96FBB557F0A9}.Release|Any CPU.ActiveCfg = Release|Any CPU
		{BE907B24-25A7-4C0B-5C44-96FBB557F0A9}.Release|Any CPU.Build.0 = Release|Any CPU
	EndGlobalSection
	GlobalSection(SolutionProperties) = preSolution
		HideSolutionNode = FALSE
	EndGlobalSection
	GlobalSection(ExtensibilityGlobals) = postSolution
		SolutionGuid = {D8E8433C-CD55-4F5F-AB3A-BFF61AF74889}
	EndGlobalSection
EndGlobal
