
Microsoft Visual Studio Solution File, Format Version 12.00
# Visual Studio Version 16
VisualStudioVersion = 16.0.30804.86
MinimumVisualStudioVersion = 10.0.40219.1
Project("{FAE04EC0-301F-11D3-BF4B-00C04F79EFBC}") = "LocalData", "LocalData.csproj", "{17C42D41-995C-814A-B22D-5B28A08D618D}"
EndProject
Global
	GlobalSection(SolutionConfigurationPlatforms) = preSolution
		Debug|Any CPU = Debug|Any CPU
		Release|Any CPU = Release|Any CPU
	EndGlobalSection
	GlobalSection(ProjectConfigurationPlatforms) = postSolution
		{17C42D41-995C-814A-B22D-5B28A08D618D}.Debug|Any CPU.ActiveCfg = Debug|Any CPU
		{17C42D41-995C-814A-B22D-5B28A08D618D}.Debug|Any CPU.Build.0 = Debug|Any CPU
		{17C42D41-995C-814A-B22D-5B28A08D618D}.Release|Any CPU.ActiveCfg = Release|Any CPU
		{17C42D41-995C-814A-B22D-5B28A08D618D}.Release|Any CPU.Build.0 = Release|Any CPU
	EndGlobalSection
	GlobalSection(SolutionProperties) = preSolution
		HideSolutionNode = FALSE
	EndGlobalSection
	GlobalSection(ExtensibilityGlobals) = postSolution
		SolutionGuid = {D8E8433C-CD55-4F5F-AB3A-BFF61AF74889}
	EndGlobalSection
EndGlobal
