
Microsoft Visual Studio Solution File, Format Version 12.00
# Visual Studio Version 16
VisualStudioVersion = 16.0.30804.86
MinimumVisualStudioVersion = 10.0.40219.1
Project("{F184B08F-C81C-45F6-A57F-5ABD9991F28F}") = "PagedAsyncSource", "PagedAsyncSource.Net5.vbproj", "{F6189E92-A46E-25BB-D231-C9D1EAD29142}"
EndProject
Global
	GlobalSection(SolutionConfigurationPlatforms) = preSolution
		Debug|Any CPU = Debug|Any CPU
		Release|Any CPU = Release|Any CPU
	EndGlobalSection
	GlobalSection(ProjectConfigurationPlatforms) = postSolution
		{F6189E92-A46E-25BB-D231-C9D1EAD29142}.Debug|Any CPU.ActiveCfg = Debug|Any CPU
		{F6189E92-A46E-25BB-D231-C9D1EAD29142}.Debug|Any CPU.Build.0 = Debug|Any CPU
		{F6189E92-A46E-25BB-D231-C9D1EAD29142}.Release|Any CPU.ActiveCfg = Release|Any CPU
		{F6189E92-A46E-25BB-D231-C9D1EAD29142}.Release|Any CPU.Build.0 = Release|Any CPU
	EndGlobalSection
	GlobalSection(SolutionProperties) = preSolution
		HideSolutionNode = FALSE
	EndGlobalSection
	GlobalSection(ExtensibilityGlobals) = postSolution
		SolutionGuid = {C2985FFC-1732-4AAE-8982-66F17CE560A5}
	EndGlobalSection
EndGlobal
